// !$*UTF8*$!
{
	archiveVersion = 1;
	classes = {
	};
	objectVersion = 56;
	objects = {

/* Begin PBXBuildFile section */
		0BEC4C35292EA1A400F9F802 /* FiletreeSidebarView.swift in Sources */ = {isa = PBXBuildFile; fileRef = 0BEC4C34292EA1A400F9F802 /* FiletreeSidebarView.swift */; };
		0BEC4C37292EA32A00F9F802 /* CodeEditorView.swift in Sources */ = {isa = PBXBuildFile; fileRef = 0BEC4C36292EA32A00F9F802 /* CodeEditorView.swift */; };
		65153F9F2A0F9B260020B6FE /* LoginVMExtension.swift in Sources */ = {isa = PBXBuildFile; fileRef = 65153F9E2A0F9B260020B6FE /* LoginVMExtension.swift */; };
		65153FA12A0FAD4A0020B6FE /* RootViewModel.swift in Sources */ = {isa = PBXBuildFile; fileRef = 65153FA02A0FAD4A0020B6FE /* RootViewModel.swift */; };
		651A44B82A1672DE00DBCD92 /* ExerciseGroups.swift in Sources */ = {isa = PBXBuildFile; fileRef = 651A44B72A1672DE00DBCD92 /* ExerciseGroups.swift */; };
		651A44BB2A167FDF00DBCD92 /* CourseMockExtension.swift in Sources */ = {isa = PBXBuildFile; fileRef = 651A44BA2A167FDF00DBCD92 /* CourseMockExtension.swift */; };
		652A98022A07D51C00EB1F32 /* ToolbarCancelButton.swift in Sources */ = {isa = PBXBuildFile; fileRef = 652A98012A07D51C00EB1F32 /* ToolbarCancelButton.swift */; };
		653452B62A068E4D008D9598 /* ParticipationExtension.swift in Sources */ = {isa = PBXBuildFile; fileRef = 653452B52A068E4D008D9598 /* ParticipationExtension.swift */; };
		655084632A1B4E2300748A6F /* ProblemStatementView.swift in Sources */ = {isa = PBXBuildFile; fileRef = 655084622A1B4E2300748A6F /* ProblemStatementView.swift */; };
		6564DC0E2A00EFFC00CF2F89 /* SharedModels in Frameworks */ = {isa = PBXBuildFile; productRef = 6564DC0D2A00EFFC00CF2F89 /* SharedModels */; };
		6564DC102A00EFFC00CF2F89 /* UserStore in Frameworks */ = {isa = PBXBuildFile; productRef = 6564DC0F2A00EFFC00CF2F89 /* UserStore */; };
		6567A90329EFF85200A5EFDA /* ScorePicker.swift in Sources */ = {isa = PBXBuildFile; fileRef = 6567A90229EFF85200A5EFDA /* ScorePicker.swift */; };
		656EAF602A0256A6003CF2B4 /* AssessmentFeedback.swift in Sources */ = {isa = PBXBuildFile; fileRef = 656EAF5F2A0256A6003CF2B4 /* AssessmentFeedback.swift */; };
		657534AA2A0F7A52004B0C3F /* APIClient in Frameworks */ = {isa = PBXBuildFile; productRef = 657534A92A0F7A52004B0C3F /* APIClient */; };
		657534AC2A0F7A52004B0C3F /* Account in Frameworks */ = {isa = PBXBuildFile; productRef = 657534AB2A0F7A52004B0C3F /* Account */; };
		657534AE2A0F7A52004B0C3F /* ArtemisMarkdown in Frameworks */ = {isa = PBXBuildFile; productRef = 657534AD2A0F7A52004B0C3F /* ArtemisMarkdown */; };
		657534B02A0F7A52004B0C3F /* Common in Frameworks */ = {isa = PBXBuildFile; productRef = 657534AF2A0F7A52004B0C3F /* Common */; };
		657534B22A0F7A52004B0C3F /* DesignLibrary in Frameworks */ = {isa = PBXBuildFile; productRef = 657534B12A0F7A52004B0C3F /* DesignLibrary */; };
		657534B42A0F7A52004B0C3F /* Login in Frameworks */ = {isa = PBXBuildFile; productRef = 657534B32A0F7A52004B0C3F /* Login */; };
		657534B62A0F7A52004B0C3F /* ProfileInfo in Frameworks */ = {isa = PBXBuildFile; productRef = 657534B52A0F7A52004B0C3F /* ProfileInfo */; };
		657534B82A0F7A52004B0C3F /* PushNotifications in Frameworks */ = {isa = PBXBuildFile; productRef = 657534B72A0F7A52004B0C3F /* PushNotifications */; };
		657534BA2A0F7A52004B0C3F /* SharedModels in Frameworks */ = {isa = PBXBuildFile; productRef = 657534B92A0F7A52004B0C3F /* SharedModels */; };
		657534BC2A0F7A52004B0C3F /* UserStore in Frameworks */ = {isa = PBXBuildFile; productRef = 657534BB2A0F7A52004B0C3F /* UserStore */; };
		658057162A02C4DD00835AD0 /* CourseExtension.swift in Sources */ = {isa = PBXBuildFile; fileRef = 658057152A02C4DD00835AD0 /* CourseExtension.swift */; };
		658057182A02C64B00835AD0 /* ExamExtension.swift in Sources */ = {isa = PBXBuildFile; fileRef = 658057172A02C64B00835AD0 /* ExamExtension.swift */; };
		6589205529EE7BFC005EE6FA /* LoginTextFieldStyle.swift in Sources */ = {isa = PBXBuildFile; fileRef = 6589205429EE7BFC005EE6FA /* LoginTextFieldStyle.swift */; };
		6589205729EE7C18005EE6FA /* LoginButtonStyle.swift in Sources */ = {isa = PBXBuildFile; fileRef = 6589205629EE7C18005EE6FA /* LoginButtonStyle.swift */; };
		6589205D29EF0840005EE6FA /* ColorExtension.swift in Sources */ = {isa = PBXBuildFile; fileRef = 6589205C29EF0840005EE6FA /* ColorExtension.swift */; };
		659CDC8129FAD79100E5FA50 /* ViewHideExtension.swift in Sources */ = {isa = PBXBuildFile; fileRef = 659CDC8029FAD79100E5FA50 /* ViewHideExtension.swift */; };
		65ABB1732A46E4A000DA2174 /* StringRangeExtension.swift in Sources */ = {isa = PBXBuildFile; fileRef = 65ABB1722A46E4A000DA2174 /* StringRangeExtension.swift */; };
		65B49F382A07D5C000C9A45F /* ToolbarPointsLabel.swift in Sources */ = {isa = PBXBuildFile; fileRef = 65B49F372A07D5C000C9A45F /* ToolbarPointsLabel.swift */; };
		65B49F3A2A07D5F200C9A45F /* ToolbarToggleButton.swift in Sources */ = {isa = PBXBuildFile; fileRef = 65B49F392A07D5F200C9A45F /* ToolbarToggleButton.swift */; };
		65B49F3C2A07E87F00C9A45F /* UndoManagerExtension.swift in Sources */ = {isa = PBXBuildFile; fileRef = 65B49F3B2A07E87F00C9A45F /* UndoManagerExtension.swift */; };
		65B49F3E2A07ED6100C9A45F /* ToolbarFileTreeToggleButton.swift in Sources */ = {isa = PBXBuildFile; fileRef = 65B49F3D2A07ED6100C9A45F /* ToolbarFileTreeToggleButton.swift */; };
		65B49F402A07F29400C9A45F /* PaneViewModel.swift in Sources */ = {isa = PBXBuildFile; fileRef = 65B49F3F2A07F29400C9A45F /* PaneViewModel.swift */; };
		65B49F432A08058A00C9A45F /* AssessmentModeSymbol.swift in Sources */ = {isa = PBXBuildFile; fileRef = 65B49F422A08058A00C9A45F /* AssessmentModeSymbol.swift */; };
		65B49F452A08064400C9A45F /* ToolbarUndoButton.swift in Sources */ = {isa = PBXBuildFile; fileRef = 65B49F442A08064400C9A45F /* ToolbarUndoButton.swift */; };
		65B49F472A080A9900C9A45F /* ToolbarRedoButton.swift in Sources */ = {isa = PBXBuildFile; fileRef = 65B49F462A080A9900C9A45F /* ToolbarRedoButton.swift */; };
		65B49F492A0817DC00C9A45F /* ToolbarSaveButton.swift in Sources */ = {isa = PBXBuildFile; fileRef = 65B49F482A0817DC00C9A45F /* ToolbarSaveButton.swift */; };
		65B49F4C2A08192100C9A45F /* LeftGripView.swift in Sources */ = {isa = PBXBuildFile; fileRef = 65B49F4B2A08192100C9A45F /* LeftGripView.swift */; };
		65B49F4E2A08220D00C9A45F /* RightGripView.swift in Sources */ = {isa = PBXBuildFile; fileRef = 65B49F4D2A08220D00C9A45F /* RightGripView.swift */; };
		65C2F7532A03E3D4001EDADC /* FormatterExtension.swift in Sources */ = {isa = PBXBuildFile; fileRef = 65C2F7522A03E3D4001EDADC /* FormatterExtension.swift */; };
		65C2F7552A03E428001EDADC /* JSONDecoderExtension.swift in Sources */ = {isa = PBXBuildFile; fileRef = 65C2F7542A03E428001EDADC /* JSONDecoderExtension.swift */; };
		65D2C6892A011815001D5CD1 /* ExerciseExtension.swift in Sources */ = {isa = PBXBuildFile; fileRef = 65D2C6882A011815001D5CD1 /* ExerciseExtension.swift */; };
		65D2C69C2A011CDC001D5CD1 /* SubmissionExtension.swift in Sources */ = {isa = PBXBuildFile; fileRef = 65D2C69B2A011CDC001D5CD1 /* SubmissionExtension.swift */; };
		65E6A0F82A13C3EC0058E5D6 /* ExamService.swift in Sources */ = {isa = PBXBuildFile; fileRef = 65E6A0F72A13C3EC0058E5D6 /* ExamService.swift */; };
		65E6A0FA2A13C5C90058E5D6 /* ExamServiceImpl.swift in Sources */ = {isa = PBXBuildFile; fileRef = 65E6A0F92A13C5C90058E5D6 /* ExamServiceImpl.swift */; };
		65E6A0FD2A13D1540058E5D6 /* AssessmentService.swift in Sources */ = {isa = PBXBuildFile; fileRef = 65E6A0FC2A13D1540058E5D6 /* AssessmentService.swift */; };
		65E6A0FF2A13D1630058E5D6 /* AssessmentServiceImpl.swift in Sources */ = {isa = PBXBuildFile; fileRef = 65E6A0FE2A13D1630058E5D6 /* AssessmentServiceImpl.swift */; };
		65E6A1022A13E7260058E5D6 /* SubmissionService.swift in Sources */ = {isa = PBXBuildFile; fileRef = 65E6A1012A13E7260058E5D6 /* SubmissionService.swift */; };
		65E6A1042A13E72E0058E5D6 /* SubmissionServiceImpl.swift in Sources */ = {isa = PBXBuildFile; fileRef = 65E6A1032A13E72E0058E5D6 /* SubmissionServiceImpl.swift */; };
		65E6A1072A1400E20058E5D6 /* RepositoryService.swift in Sources */ = {isa = PBXBuildFile; fileRef = 65E6A1062A1400E20058E5D6 /* RepositoryService.swift */; };
		65E6A1092A1400EB0058E5D6 /* RepositoryServiceImpl.swift in Sources */ = {isa = PBXBuildFile; fileRef = 65E6A1082A1400EB0058E5D6 /* RepositoryServiceImpl.swift */; };
		65E797282A1A4B9400E17401 /* SectionTitleModifier.swift in Sources */ = {isa = PBXBuildFile; fileRef = 65E797272A1A4B9400E17401 /* SectionTitleModifier.swift */; };
		65E7972A2A1A4EF800E17401 /* ExamListItem.swift in Sources */ = {isa = PBXBuildFile; fileRef = 65E797292A1A4EF800E17401 /* ExamListItem.swift */; };
		83396D2E29155935003EF727 /* ThemisApp.swift in Sources */ = {isa = PBXBuildFile; fileRef = 83396D2D29155935003EF727 /* ThemisApp.swift */; };
		83396D3029155935003EF727 /* ContentView.swift in Sources */ = {isa = PBXBuildFile; fileRef = 83396D2F29155935003EF727 /* ContentView.swift */; };
		83396D3229155935003EF727 /* Assets.xcassets in Resources */ = {isa = PBXBuildFile; fileRef = 83396D3129155935003EF727 /* Assets.xcassets */; };
		83396D3529155935003EF727 /* Preview Assets.xcassets in Resources */ = {isa = PBXBuildFile; fileRef = 83396D3429155935003EF727 /* Preview Assets.xcassets */; };
		83396D3F29155936003EF727 /* ThemisTests.swift in Sources */ = {isa = PBXBuildFile; fileRef = 83396D3E29155936003EF727 /* ThemisTests.swift */; };
		83396D4929155936003EF727 /* feedback2goUITests.swift in Sources */ = {isa = PBXBuildFile; fileRef = 83396D4829155936003EF727 /* feedback2goUITests.swift */; };
		83396D4B29155936003EF727 /* ThemisUITestsLaunchTests.swift in Sources */ = {isa = PBXBuildFile; fileRef = 83396D4A29155936003EF727 /* ThemisUITestsLaunchTests.swift */; };
		8384C42B2920F855008CCB4D /* CorrectionSidebarView.swift in Sources */ = {isa = PBXBuildFile; fileRef = 8384C42A2920F855008CCB4D /* CorrectionSidebarView.swift */; };
		8384C42F29210458008CCB4D /* CorrectionGuidelinesCellView.swift in Sources */ = {isa = PBXBuildFile; fileRef = 8384C42E29210458008CCB4D /* CorrectionGuidelinesCellView.swift */; };
		8384C43129210474008CCB4D /* FeedbackListView.swift in Sources */ = {isa = PBXBuildFile; fileRef = 8384C43029210474008CCB4D /* FeedbackListView.swift */; };
		8384C439292A8592008CCB4D /* FeedbackCellView.swift in Sources */ = {isa = PBXBuildFile; fileRef = 8384C438292A8592008CCB4D /* FeedbackCellView.swift */; };
		8384C441292AA1FB008CCB4D /* GradingCriteriaCellView.swift in Sources */ = {isa = PBXBuildFile; fileRef = 8384C440292AA1FB008CCB4D /* GradingCriteriaCellView.swift */; };
		A90D8C7F29818AB70066DBFD /* ThemisAPI.swift in Sources */ = {isa = PBXBuildFile; fileRef = A90D8C7E29818AB70066DBFD /* ThemisAPI.swift */; };
		A9752D792992AA8B004441D1 /* ExamSection.swift in Sources */ = {isa = PBXBuildFile; fileRef = A9752D782992AA8B004441D1 /* ExamSection.swift */; };
		A9752D7B2992AAEB004441D1 /* ExamSectionDetailView.swift in Sources */ = {isa = PBXBuildFile; fileRef = A9752D7A2992AAEB004441D1 /* ExamSectionDetailView.swift */; };
		DA0687C2292FB4870091B88A /* SubmissionListView.swift in Sources */ = {isa = PBXBuildFile; fileRef = DA0687C1292FB4870091B88A /* SubmissionListView.swift */; };
		DA249E9629301E72008DE1D5 /* SubmissionListViewModel.swift in Sources */ = {isa = PBXBuildFile; fileRef = DA249E9529301E72008DE1D5 /* SubmissionListViewModel.swift */; };
		DA249E9829302531008DE1D5 /* PreviewAuthenticationViewModel.swift in Sources */ = {isa = PBXBuildFile; fileRef = DA249E9729302531008DE1D5 /* PreviewAuthenticationViewModel.swift */; };
		DA249E9A293029A3008DE1D5 /* AuthenticatedPreview.swift in Sources */ = {isa = PBXBuildFile; fileRef = DA249E99293029A3008DE1D5 /* AuthenticatedPreview.swift */; };
		DA295CC6293A67EB000E04DC /* AuthenticationEnvironmentVariables.swift in Sources */ = {isa = PBXBuildFile; fileRef = DA295CC5293A67EB000E04DC /* AuthenticationEnvironmentVariables.swift */; };
		DA3978E6296C16D200734E01 /* CourseViewModel.swift in Sources */ = {isa = PBXBuildFile; fileRef = DA3978E5296C16D200734E01 /* CourseViewModel.swift */; };
		DA3F0F01294A2DF800A7B807 /* AddFeedbackView.swift in Sources */ = {isa = PBXBuildFile; fileRef = DA3F0F00294A2DF800A7B807 /* AddFeedbackView.swift */; };
		DA3F0F03294A308E00A7B807 /* EditFeedbackView.swift in Sources */ = {isa = PBXBuildFile; fileRef = DA3F0F02294A308E00A7B807 /* EditFeedbackView.swift */; };
		DA98C6612954DED7005727FB /* SubmissionSearchResult.swift in Sources */ = {isa = PBXBuildFile; fileRef = DA98C6602954DED7005727FB /* SubmissionSearchResult.swift */; };
		DAECE701296A1BC80025F875 /* CourseView.swift in Sources */ = {isa = PBXBuildFile; fileRef = DAECE700296A1BC80025F875 /* CourseView.swift */; };
		DAFFA3FB297F066200EA72B8 /* ArtemisDateHelpers.swift in Sources */ = {isa = PBXBuildFile; fileRef = DAFFA3FA297F066200EA72B8 /* ArtemisDateHelpers.swift */; };
		DAFFA3FD297F12A800EA72B8 /* ExerciseListItem.swift in Sources */ = {isa = PBXBuildFile; fileRef = DAFFA3FC297F12A800EA72B8 /* ExerciseListItem.swift */; };
		E119ED9B2922DE4700626DEA /* Assessment.swift in Sources */ = {isa = PBXBuildFile; fileRef = E119ED9A2922DE4700626DEA /* Assessment.swift */; };
		E119ED9F2922F48A00626DEA /* Repository.swift in Sources */ = {isa = PBXBuildFile; fileRef = E119ED9E2922F48A00626DEA /* Repository.swift */; };
		E168C723296DCCE100A1D1D4 /* ThemisButtonStyle.swift in Sources */ = {isa = PBXBuildFile; fileRef = E168C722296DCCE100A1D1D4 /* ThemisButtonStyle.swift */; };
		E168C727296DDB3D00A1D1D4 /* CustomProgressView.swift in Sources */ = {isa = PBXBuildFile; fileRef = E168C726296DDB3D00A1D1D4 /* CustomProgressView.swift */; };
		E171F00E2933B5DD00236BC4 /* CodeEditorViewModel.swift in Sources */ = {isa = PBXBuildFile; fileRef = E171F00D2933B5DD00236BC4 /* CodeEditorViewModel.swift */; };
		E1DC9BA3293D241100674F5B /* SubmissionSearchView.swift in Sources */ = {isa = PBXBuildFile; fileRef = E1DC9BA2293D241100674F5B /* SubmissionSearchView.swift */; };
		E1DC9BA5293D28E900674F5B /* SubmissionSearchViewModel.swift in Sources */ = {isa = PBXBuildFile; fileRef = E1DC9BA4293D28E900674F5B /* SubmissionSearchViewModel.swift */; };
		E200F785297ECDB700DE269D /* FileView.swift in Sources */ = {isa = PBXBuildFile; fileRef = E200F784297ECDB700DE269D /* FileView.swift */; };
		E200F787297F10B300DE269D /* SourceCodeLanguage.swift in Sources */ = {isa = PBXBuildFile; fileRef = E200F786297F10B300DE269D /* SourceCodeLanguage.swift */; };
		E2192ED3291E47820092CE58 /* RESTController.swift in Sources */ = {isa = PBXBuildFile; fileRef = E2192ED2291E47820092CE58 /* RESTController.swift */; };
		E2192ED7291E57810092CE58 /* RESTError.swift in Sources */ = {isa = PBXBuildFile; fileRef = E2192ED6291E57810092CE58 /* RESTError.swift */; };
		E2192ED9291E57A40092CE58 /* Request.swift in Sources */ = {isa = PBXBuildFile; fileRef = E2192ED8291E57A40092CE58 /* Request.swift */; };
		E2192EE1291E6F780092CE58 /* KeychainAccess in Frameworks */ = {isa = PBXBuildFile; productRef = E2192EE0291E6F780092CE58 /* KeychainAccess */; };
		E2192EE5291EBFFE0092CE58 /* AuthenticationView.swift in Sources */ = {isa = PBXBuildFile; fileRef = E2192EE4291EBFFE0092CE58 /* AuthenticationView.swift */; };
		E21AF053292B9D4C0096ACFC /* AssessmentViewModel.swift in Sources */ = {isa = PBXBuildFile; fileRef = E21AF044292B9D4C0096ACFC /* AssessmentViewModel.swift */; };
		E21AF054292B9D4C0096ACFC /* CodeView.swift in Sources */ = {isa = PBXBuildFile; fileRef = E21AF047292B9D4C0096ACFC /* CodeView.swift */; };
		E21AF055292B9D4C0096ACFC /* TabsView.swift in Sources */ = {isa = PBXBuildFile; fileRef = E21AF048292B9D4C0096ACFC /* TabsView.swift */; };
		E21AF057292B9D4C0096ACFC /* EditorFontSizeStepper.swift in Sources */ = {isa = PBXBuildFile; fileRef = E21AF04D292B9D4C0096ACFC /* EditorFontSizeStepper.swift */; };
		E21AF058292B9D4C0096ACFC /* HighlightName.swift in Sources */ = {isa = PBXBuildFile; fileRef = E21AF04E292B9D4C0096ACFC /* HighlightName.swift */; };
		E21AF05A292B9D4C0096ACFC /* AssessmentView.swift in Sources */ = {isa = PBXBuildFile; fileRef = E21AF052292B9D4C0096ACFC /* AssessmentView.swift */; };
		E2CAE6392935214E00FAD327 /* ExerciseView.swift in Sources */ = {isa = PBXBuildFile; fileRef = E2CAE6382935214E00FAD327 /* ExerciseView.swift */; };
		E2CAE63B2935219E00FAD327 /* ExerciseViewModel.swift in Sources */ = {isa = PBXBuildFile; fileRef = E2CAE63A2935219E00FAD327 /* ExerciseViewModel.swift */; };
		E2CAE63E29362B2800FAD327 /* AssessmentSubmissionLoaderView.swift in Sources */ = {isa = PBXBuildFile; fileRef = E2CAE63D29362B2800FAD327 /* AssessmentSubmissionLoaderView.swift */; };
		E2DC481F294626AD00DAF0CC /* DrawingShape.swift in Sources */ = {isa = PBXBuildFile; fileRef = E2DC481C294626AD00DAF0CC /* DrawingShape.swift */; };
		E2DC4821294626AD00DAF0CC /* DrawingEngine.swift in Sources */ = {isa = PBXBuildFile; fileRef = E2DC481E294626AD00DAF0CC /* DrawingEngine.swift */; };
		E2E3852A29437F9100F5854D /* CodeEditor in Frameworks */ = {isa = PBXBuildFile; productRef = E2E3852929437F9100F5854D /* CodeEditor */; };
		E2E460DD29292ECF00ECC0A5 /* Stack.swift in Sources */ = {isa = PBXBuildFile; fileRef = E2E460DC29292ECF00ECC0A5 /* Stack.swift */; };
		E2E6748829203E350081238B /* ExerciseSection.swift in Sources */ = {isa = PBXBuildFile; fileRef = E2E6748729203E350081238B /* ExerciseSection.swift */; };
		E536EAD1297458240078E077 /* SwiftUIReorderableForEach in Frameworks */ = {isa = PBXBuildFile; productRef = E536EAD0297458240078E077 /* SwiftUIReorderableForEach */; };
		E536EAD3298C00380078E077 /* DateTimelineView.swift in Sources */ = {isa = PBXBuildFile; fileRef = E536EAD2298C00380078E077 /* DateTimelineView.swift */; };
		E58C68062935037C008E6FEE /* EditFeedbackViewBase.swift in Sources */ = {isa = PBXBuildFile; fileRef = E58C68052935037C008E6FEE /* EditFeedbackViewBase.swift */; };
		F9032CA5294A159700B2DED5 /* CachedAsyncImage in Frameworks */ = {isa = PBXBuildFile; productRef = F9032CA4294A159700B2DED5 /* CachedAsyncImage */; };
		F922443A297BFD1A008E4374 /* CircularProgressView.swift in Sources */ = {isa = PBXBuildFile; fileRef = F9224439297BFD1A008E4374 /* CircularProgressView.swift */; };
		F958C4DE29887DE800E70669 /* ShakeEffect.swift in Sources */ = {isa = PBXBuildFile; fileRef = F958C4DD29887DE800E70669 /* ShakeEffect.swift */; };
/* End PBXBuildFile section */

/* Begin PBXContainerItemProxy section */
		83396D3B29155936003EF727 /* PBXContainerItemProxy */ = {
			isa = PBXContainerItemProxy;
			containerPortal = 83396D2229155934003EF727 /* Project object */;
			proxyType = 1;
			remoteGlobalIDString = 83396D2929155934003EF727;
			remoteInfo = feedback2go;
		};
		83396D4529155936003EF727 /* PBXContainerItemProxy */ = {
			isa = PBXContainerItemProxy;
			containerPortal = 83396D2229155934003EF727 /* Project object */;
			proxyType = 1;
			remoteGlobalIDString = 83396D2929155934003EF727;
			remoteInfo = feedback2go;
		};
/* End PBXContainerItemProxy section */

/* Begin PBXFileReference section */
		0BEC4C34292EA1A400F9F802 /* FiletreeSidebarView.swift */ = {isa = PBXFileReference; lastKnownFileType = sourcecode.swift; path = FiletreeSidebarView.swift; sourceTree = "<group>"; };
		0BEC4C36292EA32A00F9F802 /* CodeEditorView.swift */ = {isa = PBXFileReference; lastKnownFileType = sourcecode.swift; path = CodeEditorView.swift; sourceTree = "<group>"; };
		650CB94E2A3AF24500935579 /* artemis-ios-core-modules */ = {isa = PBXFileReference; lastKnownFileType = wrapper; name = "artemis-ios-core-modules"; path = "../artemis-ios-core-modules"; sourceTree = "<group>"; };
		65153F9E2A0F9B260020B6FE /* LoginVMExtension.swift */ = {isa = PBXFileReference; lastKnownFileType = sourcecode.swift; path = LoginVMExtension.swift; sourceTree = "<group>"; };
		65153FA02A0FAD4A0020B6FE /* RootViewModel.swift */ = {isa = PBXFileReference; lastKnownFileType = sourcecode.swift; path = RootViewModel.swift; sourceTree = "<group>"; };
		651A44B72A1672DE00DBCD92 /* ExerciseGroups.swift */ = {isa = PBXFileReference; lastKnownFileType = sourcecode.swift; path = ExerciseGroups.swift; sourceTree = "<group>"; };
		651A44BA2A167FDF00DBCD92 /* CourseMockExtension.swift */ = {isa = PBXFileReference; lastKnownFileType = sourcecode.swift; path = CourseMockExtension.swift; sourceTree = "<group>"; };
		652A98012A07D51C00EB1F32 /* ToolbarCancelButton.swift */ = {isa = PBXFileReference; lastKnownFileType = sourcecode.swift; path = ToolbarCancelButton.swift; sourceTree = "<group>"; };
		653452B52A068E4D008D9598 /* ParticipationExtension.swift */ = {isa = PBXFileReference; lastKnownFileType = sourcecode.swift; path = ParticipationExtension.swift; sourceTree = "<group>"; };
		655084622A1B4E2300748A6F /* ProblemStatementView.swift */ = {isa = PBXFileReference; lastKnownFileType = sourcecode.swift; path = ProblemStatementView.swift; sourceTree = "<group>"; };
		6567A90229EFF85200A5EFDA /* ScorePicker.swift */ = {isa = PBXFileReference; lastKnownFileType = sourcecode.swift; path = ScorePicker.swift; sourceTree = "<group>"; };
		656EAF5F2A0256A6003CF2B4 /* AssessmentFeedback.swift */ = {isa = PBXFileReference; lastKnownFileType = sourcecode.swift; path = AssessmentFeedback.swift; sourceTree = "<group>"; };
		658057152A02C4DD00835AD0 /* CourseExtension.swift */ = {isa = PBXFileReference; lastKnownFileType = sourcecode.swift; path = CourseExtension.swift; sourceTree = "<group>"; };
		658057172A02C64B00835AD0 /* ExamExtension.swift */ = {isa = PBXFileReference; lastKnownFileType = sourcecode.swift; path = ExamExtension.swift; sourceTree = "<group>"; };
		6589205429EE7BFC005EE6FA /* LoginTextFieldStyle.swift */ = {isa = PBXFileReference; lastKnownFileType = sourcecode.swift; path = LoginTextFieldStyle.swift; sourceTree = "<group>"; };
		6589205629EE7C18005EE6FA /* LoginButtonStyle.swift */ = {isa = PBXFileReference; lastKnownFileType = sourcecode.swift; path = LoginButtonStyle.swift; sourceTree = "<group>"; };
		6589205C29EF0840005EE6FA /* ColorExtension.swift */ = {isa = PBXFileReference; lastKnownFileType = sourcecode.swift; path = ColorExtension.swift; sourceTree = "<group>"; };
		659CDC8029FAD79100E5FA50 /* ViewHideExtension.swift */ = {isa = PBXFileReference; lastKnownFileType = sourcecode.swift; path = ViewHideExtension.swift; sourceTree = "<group>"; };
		65ABB1722A46E4A000DA2174 /* StringRangeExtension.swift */ = {isa = PBXFileReference; lastKnownFileType = sourcecode.swift; path = StringRangeExtension.swift; sourceTree = "<group>"; };
		65B49F372A07D5C000C9A45F /* ToolbarPointsLabel.swift */ = {isa = PBXFileReference; lastKnownFileType = sourcecode.swift; path = ToolbarPointsLabel.swift; sourceTree = "<group>"; };
		65B49F392A07D5F200C9A45F /* ToolbarToggleButton.swift */ = {isa = PBXFileReference; lastKnownFileType = sourcecode.swift; path = ToolbarToggleButton.swift; sourceTree = "<group>"; };
		65B49F3B2A07E87F00C9A45F /* UndoManagerExtension.swift */ = {isa = PBXFileReference; lastKnownFileType = sourcecode.swift; path = UndoManagerExtension.swift; sourceTree = "<group>"; };
		65B49F3D2A07ED6100C9A45F /* ToolbarFileTreeToggleButton.swift */ = {isa = PBXFileReference; lastKnownFileType = sourcecode.swift; path = ToolbarFileTreeToggleButton.swift; sourceTree = "<group>"; };
		65B49F3F2A07F29400C9A45F /* PaneViewModel.swift */ = {isa = PBXFileReference; lastKnownFileType = sourcecode.swift; path = PaneViewModel.swift; sourceTree = "<group>"; };
		65B49F422A08058A00C9A45F /* AssessmentModeSymbol.swift */ = {isa = PBXFileReference; lastKnownFileType = sourcecode.swift; path = AssessmentModeSymbol.swift; sourceTree = "<group>"; };
		65B49F442A08064400C9A45F /* ToolbarUndoButton.swift */ = {isa = PBXFileReference; lastKnownFileType = sourcecode.swift; path = ToolbarUndoButton.swift; sourceTree = "<group>"; };
		65B49F462A080A9900C9A45F /* ToolbarRedoButton.swift */ = {isa = PBXFileReference; lastKnownFileType = sourcecode.swift; path = ToolbarRedoButton.swift; sourceTree = "<group>"; };
		65B49F482A0817DC00C9A45F /* ToolbarSaveButton.swift */ = {isa = PBXFileReference; lastKnownFileType = sourcecode.swift; path = ToolbarSaveButton.swift; sourceTree = "<group>"; };
		65B49F4B2A08192100C9A45F /* LeftGripView.swift */ = {isa = PBXFileReference; lastKnownFileType = sourcecode.swift; path = LeftGripView.swift; sourceTree = "<group>"; };
		65B49F4D2A08220D00C9A45F /* RightGripView.swift */ = {isa = PBXFileReference; lastKnownFileType = sourcecode.swift; path = RightGripView.swift; sourceTree = "<group>"; };
		65C2F7522A03E3D4001EDADC /* FormatterExtension.swift */ = {isa = PBXFileReference; lastKnownFileType = sourcecode.swift; path = FormatterExtension.swift; sourceTree = "<group>"; };
		65C2F7542A03E428001EDADC /* JSONDecoderExtension.swift */ = {isa = PBXFileReference; lastKnownFileType = sourcecode.swift; path = JSONDecoderExtension.swift; sourceTree = "<group>"; };
		65D2C6882A011815001D5CD1 /* ExerciseExtension.swift */ = {isa = PBXFileReference; lastKnownFileType = sourcecode.swift; path = ExerciseExtension.swift; sourceTree = "<group>"; };
		65D2C69B2A011CDC001D5CD1 /* SubmissionExtension.swift */ = {isa = PBXFileReference; lastKnownFileType = sourcecode.swift; path = SubmissionExtension.swift; sourceTree = "<group>"; };
		65E6A0F72A13C3EC0058E5D6 /* ExamService.swift */ = {isa = PBXFileReference; lastKnownFileType = sourcecode.swift; path = ExamService.swift; sourceTree = "<group>"; };
		65E6A0F92A13C5C90058E5D6 /* ExamServiceImpl.swift */ = {isa = PBXFileReference; lastKnownFileType = sourcecode.swift; path = ExamServiceImpl.swift; sourceTree = "<group>"; };
		65E6A0FC2A13D1540058E5D6 /* AssessmentService.swift */ = {isa = PBXFileReference; lastKnownFileType = sourcecode.swift; path = AssessmentService.swift; sourceTree = "<group>"; };
		65E6A0FE2A13D1630058E5D6 /* AssessmentServiceImpl.swift */ = {isa = PBXFileReference; lastKnownFileType = sourcecode.swift; path = AssessmentServiceImpl.swift; sourceTree = "<group>"; };
		65E6A1012A13E7260058E5D6 /* SubmissionService.swift */ = {isa = PBXFileReference; lastKnownFileType = sourcecode.swift; path = SubmissionService.swift; sourceTree = "<group>"; };
		65E6A1032A13E72E0058E5D6 /* SubmissionServiceImpl.swift */ = {isa = PBXFileReference; lastKnownFileType = sourcecode.swift; path = SubmissionServiceImpl.swift; sourceTree = "<group>"; };
		65E6A1062A1400E20058E5D6 /* RepositoryService.swift */ = {isa = PBXFileReference; lastKnownFileType = sourcecode.swift; path = RepositoryService.swift; sourceTree = "<group>"; };
		65E6A1082A1400EB0058E5D6 /* RepositoryServiceImpl.swift */ = {isa = PBXFileReference; lastKnownFileType = sourcecode.swift; path = RepositoryServiceImpl.swift; sourceTree = "<group>"; };
		65E797272A1A4B9400E17401 /* SectionTitleModifier.swift */ = {isa = PBXFileReference; lastKnownFileType = sourcecode.swift; path = SectionTitleModifier.swift; sourceTree = "<group>"; };
		65E797292A1A4EF800E17401 /* ExamListItem.swift */ = {isa = PBXFileReference; lastKnownFileType = sourcecode.swift; path = ExamListItem.swift; sourceTree = "<group>"; };
		83396D2A29155935003EF727 /* Themis.app */ = {isa = PBXFileReference; explicitFileType = wrapper.application; includeInIndex = 0; path = Themis.app; sourceTree = BUILT_PRODUCTS_DIR; };
		83396D2D29155935003EF727 /* ThemisApp.swift */ = {isa = PBXFileReference; lastKnownFileType = sourcecode.swift; path = ThemisApp.swift; sourceTree = "<group>"; };
		83396D2F29155935003EF727 /* ContentView.swift */ = {isa = PBXFileReference; lastKnownFileType = sourcecode.swift; name = ContentView.swift; path = Themis/Views/ContentView.swift; sourceTree = SOURCE_ROOT; };
		83396D3129155935003EF727 /* Assets.xcassets */ = {isa = PBXFileReference; lastKnownFileType = folder.assetcatalog; path = Assets.xcassets; sourceTree = "<group>"; };
		83396D3429155935003EF727 /* Preview Assets.xcassets */ = {isa = PBXFileReference; lastKnownFileType = folder.assetcatalog; path = "Preview Assets.xcassets"; sourceTree = "<group>"; };
		83396D3A29155936003EF727 /* ThemisTests.xctest */ = {isa = PBXFileReference; explicitFileType = wrapper.cfbundle; includeInIndex = 0; path = ThemisTests.xctest; sourceTree = BUILT_PRODUCTS_DIR; };
		83396D3E29155936003EF727 /* ThemisTests.swift */ = {isa = PBXFileReference; lastKnownFileType = sourcecode.swift; path = ThemisTests.swift; sourceTree = "<group>"; };
		83396D4429155936003EF727 /* ThemisUITests.xctest */ = {isa = PBXFileReference; explicitFileType = wrapper.cfbundle; includeInIndex = 0; path = ThemisUITests.xctest; sourceTree = BUILT_PRODUCTS_DIR; };
		83396D4829155936003EF727 /* feedback2goUITests.swift */ = {isa = PBXFileReference; lastKnownFileType = sourcecode.swift; path = feedback2goUITests.swift; sourceTree = "<group>"; };
		83396D4A29155936003EF727 /* ThemisUITestsLaunchTests.swift */ = {isa = PBXFileReference; lastKnownFileType = sourcecode.swift; path = ThemisUITestsLaunchTests.swift; sourceTree = "<group>"; };
		8384C42A2920F855008CCB4D /* CorrectionSidebarView.swift */ = {isa = PBXFileReference; lastKnownFileType = sourcecode.swift; name = CorrectionSidebarView.swift; path = Themis/Views/Assessment/CorrectionSidebar/CorrectionSidebarView.swift; sourceTree = SOURCE_ROOT; };
		8384C42E29210458008CCB4D /* CorrectionGuidelinesCellView.swift */ = {isa = PBXFileReference; lastKnownFileType = sourcecode.swift; name = CorrectionGuidelinesCellView.swift; path = Themis/Views/Assessment/CorrectionSidebar/CorrectionGuidelinesCellView.swift; sourceTree = SOURCE_ROOT; };
		8384C43029210474008CCB4D /* FeedbackListView.swift */ = {isa = PBXFileReference; lastKnownFileType = sourcecode.swift; name = FeedbackListView.swift; path = Themis/Views/Assessment/CorrectionSidebar/FeedbackListView.swift; sourceTree = SOURCE_ROOT; };
		8384C438292A8592008CCB4D /* FeedbackCellView.swift */ = {isa = PBXFileReference; lastKnownFileType = sourcecode.swift; name = FeedbackCellView.swift; path = Themis/Views/Assessment/CorrectionSidebar/FeedbackCellView.swift; sourceTree = SOURCE_ROOT; };
		8384C440292AA1FB008CCB4D /* GradingCriteriaCellView.swift */ = {isa = PBXFileReference; lastKnownFileType = sourcecode.swift; name = GradingCriteriaCellView.swift; path = Themis/Views/Assessment/CorrectionSidebar/GradingCriteriaCellView.swift; sourceTree = SOURCE_ROOT; };
		83E729E82915786600DB7B36 /* Info.plist */ = {isa = PBXFileReference; lastKnownFileType = text.plist.xml; path = Info.plist; sourceTree = "<group>"; };
		A90D8C7E29818AB70066DBFD /* ThemisAPI.swift */ = {isa = PBXFileReference; lastKnownFileType = sourcecode.swift; path = ThemisAPI.swift; sourceTree = "<group>"; };
		A9752D782992AA8B004441D1 /* ExamSection.swift */ = {isa = PBXFileReference; lastKnownFileType = sourcecode.swift; path = ExamSection.swift; sourceTree = "<group>"; };
		A9752D7A2992AAEB004441D1 /* ExamSectionDetailView.swift */ = {isa = PBXFileReference; lastKnownFileType = sourcecode.swift; path = ExamSectionDetailView.swift; sourceTree = "<group>"; };
		DA0687C1292FB4870091B88A /* SubmissionListView.swift */ = {isa = PBXFileReference; lastKnownFileType = sourcecode.swift; path = SubmissionListView.swift; sourceTree = "<group>"; };
		DA249E9529301E72008DE1D5 /* SubmissionListViewModel.swift */ = {isa = PBXFileReference; lastKnownFileType = sourcecode.swift; path = SubmissionListViewModel.swift; sourceTree = "<group>"; };
		DA249E9729302531008DE1D5 /* PreviewAuthenticationViewModel.swift */ = {isa = PBXFileReference; lastKnownFileType = sourcecode.swift; path = PreviewAuthenticationViewModel.swift; sourceTree = "<group>"; };
		DA249E99293029A3008DE1D5 /* AuthenticatedPreview.swift */ = {isa = PBXFileReference; lastKnownFileType = sourcecode.swift; path = AuthenticatedPreview.swift; sourceTree = "<group>"; };
		DA295CC5293A67EB000E04DC /* AuthenticationEnvironmentVariables.swift */ = {isa = PBXFileReference; lastKnownFileType = sourcecode.swift; path = AuthenticationEnvironmentVariables.swift; sourceTree = "<group>"; };
		DA3978E5296C16D200734E01 /* CourseViewModel.swift */ = {isa = PBXFileReference; fileEncoding = 4; lastKnownFileType = sourcecode.swift; path = CourseViewModel.swift; sourceTree = "<group>"; };
		DA3F0F00294A2DF800A7B807 /* AddFeedbackView.swift */ = {isa = PBXFileReference; lastKnownFileType = sourcecode.swift; path = AddFeedbackView.swift; sourceTree = "<group>"; };
		DA3F0F02294A308E00A7B807 /* EditFeedbackView.swift */ = {isa = PBXFileReference; lastKnownFileType = sourcecode.swift; path = EditFeedbackView.swift; sourceTree = "<group>"; };
		DA98C6602954DED7005727FB /* SubmissionSearchResult.swift */ = {isa = PBXFileReference; fileEncoding = 4; lastKnownFileType = sourcecode.swift; path = SubmissionSearchResult.swift; sourceTree = "<group>"; };
		DAECE700296A1BC80025F875 /* CourseView.swift */ = {isa = PBXFileReference; fileEncoding = 4; lastKnownFileType = sourcecode.swift; path = CourseView.swift; sourceTree = "<group>"; };
		DAFFA3FA297F066200EA72B8 /* ArtemisDateHelpers.swift */ = {isa = PBXFileReference; lastKnownFileType = sourcecode.swift; path = ArtemisDateHelpers.swift; sourceTree = "<group>"; };
		DAFFA3FC297F12A800EA72B8 /* ExerciseListItem.swift */ = {isa = PBXFileReference; lastKnownFileType = sourcecode.swift; path = ExerciseListItem.swift; sourceTree = "<group>"; };
		E119ED9A2922DE4700626DEA /* Assessment.swift */ = {isa = PBXFileReference; lastKnownFileType = sourcecode.swift; name = Assessment.swift; path = Themis/Models/Assessment.swift; sourceTree = SOURCE_ROOT; };
		E119ED9E2922F48A00626DEA /* Repository.swift */ = {isa = PBXFileReference; lastKnownFileType = sourcecode.swift; name = Repository.swift; path = Themis/Models/Repository.swift; sourceTree = SOURCE_ROOT; };
		E168C722296DCCE100A1D1D4 /* ThemisButtonStyle.swift */ = {isa = PBXFileReference; lastKnownFileType = sourcecode.swift; path = ThemisButtonStyle.swift; sourceTree = "<group>"; };
		E168C726296DDB3D00A1D1D4 /* CustomProgressView.swift */ = {isa = PBXFileReference; lastKnownFileType = sourcecode.swift; path = CustomProgressView.swift; sourceTree = "<group>"; };
		E171F00D2933B5DD00236BC4 /* CodeEditorViewModel.swift */ = {isa = PBXFileReference; lastKnownFileType = sourcecode.swift; path = CodeEditorViewModel.swift; sourceTree = "<group>"; };
		E1DC9BA2293D241100674F5B /* SubmissionSearchView.swift */ = {isa = PBXFileReference; lastKnownFileType = sourcecode.swift; path = SubmissionSearchView.swift; sourceTree = "<group>"; };
		E1DC9BA4293D28E900674F5B /* SubmissionSearchViewModel.swift */ = {isa = PBXFileReference; lastKnownFileType = sourcecode.swift; path = SubmissionSearchViewModel.swift; sourceTree = "<group>"; };
		E200F784297ECDB700DE269D /* FileView.swift */ = {isa = PBXFileReference; lastKnownFileType = sourcecode.swift; path = FileView.swift; sourceTree = "<group>"; };
		E200F786297F10B300DE269D /* SourceCodeLanguage.swift */ = {isa = PBXFileReference; lastKnownFileType = sourcecode.swift; path = SourceCodeLanguage.swift; sourceTree = "<group>"; };
		E2192ED2291E47820092CE58 /* RESTController.swift */ = {isa = PBXFileReference; lastKnownFileType = sourcecode.swift; path = RESTController.swift; sourceTree = "<group>"; };
		E2192ED6291E57810092CE58 /* RESTError.swift */ = {isa = PBXFileReference; lastKnownFileType = sourcecode.swift; path = RESTError.swift; sourceTree = "<group>"; };
		E2192ED8291E57A40092CE58 /* Request.swift */ = {isa = PBXFileReference; lastKnownFileType = sourcecode.swift; path = Request.swift; sourceTree = "<group>"; };
		E2192EE4291EBFFE0092CE58 /* AuthenticationView.swift */ = {isa = PBXFileReference; lastKnownFileType = sourcecode.swift; name = AuthenticationView.swift; path = Themis/Views/Authentication/AuthenticationView.swift; sourceTree = SOURCE_ROOT; };
		E21AF044292B9D4C0096ACFC /* AssessmentViewModel.swift */ = {isa = PBXFileReference; fileEncoding = 4; lastKnownFileType = sourcecode.swift; name = AssessmentViewModel.swift; path = Themis/ViewModels/Assessment/AssessmentViewModel.swift; sourceTree = SOURCE_ROOT; };
		E21AF047292B9D4C0096ACFC /* CodeView.swift */ = {isa = PBXFileReference; fileEncoding = 4; lastKnownFileType = sourcecode.swift; name = CodeView.swift; path = Themis/Views/Assessment/CodeEditor/CodeView.swift; sourceTree = SOURCE_ROOT; };
		E21AF048292B9D4C0096ACFC /* TabsView.swift */ = {isa = PBXFileReference; fileEncoding = 4; lastKnownFileType = sourcecode.swift; name = TabsView.swift; path = Themis/Views/Assessment/CodeEditor/TabsView.swift; sourceTree = SOURCE_ROOT; };
		E21AF04D292B9D4C0096ACFC /* EditorFontSizeStepper.swift */ = {isa = PBXFileReference; fileEncoding = 4; lastKnownFileType = sourcecode.swift; name = EditorFontSizeStepper.swift; path = Themis/Views/AppearanceSettings/EditorFontSizeStepper.swift; sourceTree = SOURCE_ROOT; };
		E21AF04E292B9D4C0096ACFC /* HighlightName.swift */ = {isa = PBXFileReference; fileEncoding = 4; lastKnownFileType = sourcecode.swift; name = HighlightName.swift; path = Themis/Models/Appearance/HighlightName.swift; sourceTree = SOURCE_ROOT; };
		E21AF052292B9D4C0096ACFC /* AssessmentView.swift */ = {isa = PBXFileReference; fileEncoding = 4; lastKnownFileType = sourcecode.swift; name = AssessmentView.swift; path = Themis/Views/Assessment/AssessmentView.swift; sourceTree = SOURCE_ROOT; };
		E2CAE6382935214E00FAD327 /* ExerciseView.swift */ = {isa = PBXFileReference; lastKnownFileType = sourcecode.swift; path = ExerciseView.swift; sourceTree = "<group>"; };
		E2CAE63A2935219E00FAD327 /* ExerciseViewModel.swift */ = {isa = PBXFileReference; lastKnownFileType = sourcecode.swift; path = ExerciseViewModel.swift; sourceTree = "<group>"; };
		E2CAE63D29362B2800FAD327 /* AssessmentSubmissionLoaderView.swift */ = {isa = PBXFileReference; lastKnownFileType = sourcecode.swift; path = AssessmentSubmissionLoaderView.swift; sourceTree = "<group>"; };
		E2DC481C294626AD00DAF0CC /* DrawingShape.swift */ = {isa = PBXFileReference; fileEncoding = 4; lastKnownFileType = sourcecode.swift; path = DrawingShape.swift; sourceTree = "<group>"; };
		E2DC481E294626AD00DAF0CC /* DrawingEngine.swift */ = {isa = PBXFileReference; fileEncoding = 4; lastKnownFileType = sourcecode.swift; path = DrawingEngine.swift; sourceTree = "<group>"; };
		E2E3852B2943800100F5854D /* CodeEditor */ = {isa = PBXFileReference; lastKnownFileType = wrapper; path = CodeEditor; sourceTree = "<group>"; };
		E2E460DC29292ECF00ECC0A5 /* Stack.swift */ = {isa = PBXFileReference; lastKnownFileType = sourcecode.swift; name = Stack.swift; path = Themis/API/Stack.swift; sourceTree = SOURCE_ROOT; };
		E2E6748729203E350081238B /* ExerciseSection.swift */ = {isa = PBXFileReference; lastKnownFileType = sourcecode.swift; name = ExerciseSection.swift; path = Themis/Views/Exercises/ExerciseSection.swift; sourceTree = SOURCE_ROOT; };
		E536EAD2298C00380078E077 /* DateTimelineView.swift */ = {isa = PBXFileReference; lastKnownFileType = sourcecode.swift; path = DateTimelineView.swift; sourceTree = "<group>"; };
		E58C68052935037C008E6FEE /* EditFeedbackViewBase.swift */ = {isa = PBXFileReference; lastKnownFileType = sourcecode.swift; path = EditFeedbackViewBase.swift; sourceTree = "<group>"; };
		F9224439297BFD1A008E4374 /* CircularProgressView.swift */ = {isa = PBXFileReference; lastKnownFileType = sourcecode.swift; path = CircularProgressView.swift; sourceTree = "<group>"; };
		F958C4DD29887DE800E70669 /* ShakeEffect.swift */ = {isa = PBXFileReference; lastKnownFileType = sourcecode.swift; path = ShakeEffect.swift; sourceTree = "<group>"; };
/* End PBXFileReference section */

/* Begin PBXFrameworksBuildPhase section */
		83396D2729155934003EF727 /* Frameworks */ = {
			isa = PBXFrameworksBuildPhase;
			buildActionMask = 2147483647;
			files = (
				E2E3852A29437F9100F5854D /* CodeEditor in Frameworks */,
				657534B82A0F7A52004B0C3F /* PushNotifications in Frameworks */,
				657534BC2A0F7A52004B0C3F /* UserStore in Frameworks */,
				6564DC102A00EFFC00CF2F89 /* UserStore in Frameworks */,
				657534AA2A0F7A52004B0C3F /* APIClient in Frameworks */,
				657534B42A0F7A52004B0C3F /* Login in Frameworks */,
				657534B62A0F7A52004B0C3F /* ProfileInfo in Frameworks */,
				657534B02A0F7A52004B0C3F /* Common in Frameworks */,
				657534BA2A0F7A52004B0C3F /* SharedModels in Frameworks */,
				E2192EE1291E6F780092CE58 /* KeychainAccess in Frameworks */,
				657534AE2A0F7A52004B0C3F /* ArtemisMarkdown in Frameworks */,
				E536EAD1297458240078E077 /* SwiftUIReorderableForEach in Frameworks */,
				657534B22A0F7A52004B0C3F /* DesignLibrary in Frameworks */,
				657534AC2A0F7A52004B0C3F /* Account in Frameworks */,
				F9032CA5294A159700B2DED5 /* CachedAsyncImage in Frameworks */,
				6564DC0E2A00EFFC00CF2F89 /* SharedModels in Frameworks */,
			);
			runOnlyForDeploymentPostprocessing = 0;
		};
		83396D3729155936003EF727 /* Frameworks */ = {
			isa = PBXFrameworksBuildPhase;
			buildActionMask = 2147483647;
			files = (
			);
			runOnlyForDeploymentPostprocessing = 0;
		};
		83396D4129155936003EF727 /* Frameworks */ = {
			isa = PBXFrameworksBuildPhase;
			buildActionMask = 2147483647;
			files = (
			);
			runOnlyForDeploymentPostprocessing = 0;
		};
/* End PBXFrameworksBuildPhase section */

/* Begin PBXGroup section */
		0BEC4C33292EA18000F9F802 /* FiletreeSidebar */ = {
			isa = PBXGroup;
			children = (
				0BEC4C34292EA1A400F9F802 /* FiletreeSidebarView.swift */,
				E200F784297ECDB700DE269D /* FileView.swift */,
			);
			path = FiletreeSidebar;
			sourceTree = "<group>";
		};
		4065F854292E8729005DAEE8 /* Models */ = {
			isa = PBXGroup;
			children = (
				4065F857292E8A08005DAEE8 /* Appearance */,
				E119ED9A2922DE4700626DEA /* Assessment.swift */,
				E119ED9E2922F48A00626DEA /* Repository.swift */,
				E200F786297F10B300DE269D /* SourceCodeLanguage.swift */,
				656EAF5F2A0256A6003CF2B4 /* AssessmentFeedback.swift */,
			);
			name = Models;
			path = Themis/Models;
			sourceTree = SOURCE_ROOT;
		};
		4065F855292E873A005DAEE8 /* ViewModels */ = {
			isa = PBXGroup;
			children = (
				E2CAE63C293521A100FAD327 /* Exercise */,
				DA249E9429301E1B008DE1D5 /* SubmissionList */,
				DA3978E4296C16D200734E01 /* Course */,
				4065F859292E8A90005DAEE8 /* Assessment */,
				4065F858292E8A7F005DAEE8 /* Authentication */,
				65153FA02A0FAD4A0020B6FE /* RootViewModel.swift */,
			);
			name = ViewModels;
			path = Themis/ViewModels;
			sourceTree = SOURCE_ROOT;
		};
		4065F856292E87AB005DAEE8 /* AppearanceSettings */ = {
			isa = PBXGroup;
			children = (
				E21AF04D292B9D4C0096ACFC /* EditorFontSizeStepper.swift */,
			);
			name = AppearanceSettings;
			path = Themis/Views/AppearanceSettings;
			sourceTree = SOURCE_ROOT;
		};
		4065F857292E8A08005DAEE8 /* Appearance */ = {
			isa = PBXGroup;
			children = (
				E21AF04E292B9D4C0096ACFC /* HighlightName.swift */,
			);
			name = Appearance;
			path = Themis/Models/Appearance;
			sourceTree = SOURCE_ROOT;
		};
		4065F858292E8A7F005DAEE8 /* Authentication */ = {
			isa = PBXGroup;
			children = (
				DA249E9729302531008DE1D5 /* PreviewAuthenticationViewModel.swift */,
			);
			name = Authentication;
			path = Themis/ViewModels/Authentication;
			sourceTree = SOURCE_ROOT;
		};
		4065F859292E8A90005DAEE8 /* Assessment */ = {
			isa = PBXGroup;
			children = (
				E21AF044292B9D4C0096ACFC /* AssessmentViewModel.swift */,
				E171F00D2933B5DD00236BC4 /* CodeEditorViewModel.swift */,
				65B49F3F2A07F29400C9A45F /* PaneViewModel.swift */,
			);
			name = Assessment;
			path = Themis/ViewModels/Assessment;
			sourceTree = SOURCE_ROOT;
		};
		65153F9D2A0F9B090020B6FE /* Core */ = {
			isa = PBXGroup;
			children = (
				65153F9E2A0F9B260020B6FE /* LoginVMExtension.swift */,
			);
			path = Core;
			sourceTree = "<group>";
		};
		652A98002A07D50B00EB1F32 /* Toolbar */ = {
			isa = PBXGroup;
			children = (
				652A98012A07D51C00EB1F32 /* ToolbarCancelButton.swift */,
				65B49F372A07D5C000C9A45F /* ToolbarPointsLabel.swift */,
				65B49F392A07D5F200C9A45F /* ToolbarToggleButton.swift */,
				65B49F3D2A07ED6100C9A45F /* ToolbarFileTreeToggleButton.swift */,
				65B49F422A08058A00C9A45F /* AssessmentModeSymbol.swift */,
				65B49F442A08064400C9A45F /* ToolbarUndoButton.swift */,
				65B49F462A080A9900C9A45F /* ToolbarRedoButton.swift */,
				65B49F482A0817DC00C9A45F /* ToolbarSaveButton.swift */,
			);
			path = Toolbar;
			sourceTree = "<group>";
		};
		6589205329EE7B8E005EE6FA /* Styles */ = {
			isa = PBXGroup;
			children = (
				65E797262A1A4B8100E17401 /* Modifiers */,
				E168C722296DCCE100A1D1D4 /* ThemisButtonStyle.swift */,
				6589205829EE7C29005EE6FA /* Authentication */,
			);
			path = Styles;
			sourceTree = "<group>";
		};
		6589205829EE7C29005EE6FA /* Authentication */ = {
			isa = PBXGroup;
			children = (
				6589205429EE7BFC005EE6FA /* LoginTextFieldStyle.swift */,
				6589205629EE7C18005EE6FA /* LoginButtonStyle.swift */,
			);
			path = Authentication;
			sourceTree = "<group>";
		};
		6589205B29EF0829005EE6FA /* Extensions */ = {
			isa = PBXGroup;
			children = (
				65153F9D2A0F9B090020B6FE /* Core */,
				6589205C29EF0840005EE6FA /* ColorExtension.swift */,
				659CDC8029FAD79100E5FA50 /* ViewHideExtension.swift */,
				65D2C6882A011815001D5CD1 /* ExerciseExtension.swift */,
				65D2C69B2A011CDC001D5CD1 /* SubmissionExtension.swift */,
				658057152A02C4DD00835AD0 /* CourseExtension.swift */,
				658057172A02C64B00835AD0 /* ExamExtension.swift */,
				65C2F7522A03E3D4001EDADC /* FormatterExtension.swift */,
				65C2F7542A03E428001EDADC /* JSONDecoderExtension.swift */,
				653452B52A068E4D008D9598 /* ParticipationExtension.swift */,
				65B49F3B2A07E87F00C9A45F /* UndoManagerExtension.swift */,
				651A44BA2A167FDF00DBCD92 /* CourseMockExtension.swift */,
				65ABB1722A46E4A000DA2174 /* StringRangeExtension.swift */,
			);
			path = Extensions;
			sourceTree = "<group>";
		};
		65B49F4A2A08190B00C9A45F /* Pane */ = {
			isa = PBXGroup;
			children = (
				65B49F4B2A08192100C9A45F /* LeftGripView.swift */,
				65B49F4D2A08220D00C9A45F /* RightGripView.swift */,
			);
			path = Pane;
			sourceTree = "<group>";
		};
		65E6A0F52A13C3D60058E5D6 /* Services */ = {
			isa = PBXGroup;
			children = (
				65E6A1052A1400D40058E5D6 /* Repository */,
				65E6A1002A13E7170058E5D6 /* Submission */,
				65E6A0FB2A13D1210058E5D6 /* Assessment */,
				65E6A0F62A13C3E20058E5D6 /* Exam */,
			);
			path = Services;
			sourceTree = "<group>";
		};
		65E6A0F62A13C3E20058E5D6 /* Exam */ = {
			isa = PBXGroup;
			children = (
				65E6A0F72A13C3EC0058E5D6 /* ExamService.swift */,
				65E6A0F92A13C5C90058E5D6 /* ExamServiceImpl.swift */,
			);
			path = Exam;
			sourceTree = "<group>";
		};
		65E6A0FB2A13D1210058E5D6 /* Assessment */ = {
			isa = PBXGroup;
			children = (
				65E6A0FC2A13D1540058E5D6 /* AssessmentService.swift */,
				65E6A0FE2A13D1630058E5D6 /* AssessmentServiceImpl.swift */,
			);
			path = Assessment;
			sourceTree = "<group>";
		};
		65E6A1002A13E7170058E5D6 /* Submission */ = {
			isa = PBXGroup;
			children = (
				65E6A1012A13E7260058E5D6 /* SubmissionService.swift */,
				65E6A1032A13E72E0058E5D6 /* SubmissionServiceImpl.swift */,
			);
			path = Submission;
			sourceTree = "<group>";
		};
		65E6A1052A1400D40058E5D6 /* Repository */ = {
			isa = PBXGroup;
			children = (
				65E6A1062A1400E20058E5D6 /* RepositoryService.swift */,
				65E6A1082A1400EB0058E5D6 /* RepositoryServiceImpl.swift */,
			);
			path = Repository;
			sourceTree = "<group>";
		};
		65E797262A1A4B8100E17401 /* Modifiers */ = {
			isa = PBXGroup;
			children = (
				65E797272A1A4B9400E17401 /* SectionTitleModifier.swift */,
			);
			path = Modifiers;
			sourceTree = "<group>";
		};
		83396D2129155934003EF727 = {
			isa = PBXGroup;
			children = (
				650CB94E2A3AF24500935579 /* artemis-ios-core-modules */,
				E2E3852B2943800100F5854D /* CodeEditor */,
				83396D2C29155935003EF727 /* Themis */,
				83396D3D29155936003EF727 /* ThemisTests */,
				83396D4729155936003EF727 /* ThemisUITests */,
				83396D2B29155935003EF727 /* Products */,
				E2896223297DD0E30085AD98 /* Frameworks */,
			);
			sourceTree = "<group>";
		};
		83396D2B29155935003EF727 /* Products */ = {
			isa = PBXGroup;
			children = (
				83396D2A29155935003EF727 /* Themis.app */,
				83396D3A29155936003EF727 /* ThemisTests.xctest */,
				83396D4429155936003EF727 /* ThemisUITests.xctest */,
			);
			name = Products;
			sourceTree = "<group>";
		};
		83396D2C29155935003EF727 /* Themis */ = {
			isa = PBXGroup;
			children = (
				65E6A0F52A13C3D60058E5D6 /* Services */,
				6589205B29EF0829005EE6FA /* Extensions */,
				6589205329EE7B8E005EE6FA /* Styles */,
				E2192EDA291E59B50092CE58 /* API */,
				83396D3129155935003EF727 /* Assets.xcassets */,
				4065F854292E8729005DAEE8 /* Models */,
				83396D3329155935003EF727 /* Preview Content */,
				E2192ED1291E47670092CE58 /* REST */,
				83E729E52915751600DB7B36 /* Supporting */,
				83396D2D29155935003EF727 /* ThemisApp.swift */,
				4065F855292E873A005DAEE8 /* ViewModels */,
				E2192EE6291EC2F90092CE58 /* Views */,
			);
			path = Themis;
			sourceTree = SOURCE_ROOT;
		};
		83396D3329155935003EF727 /* Preview Content */ = {
			isa = PBXGroup;
			children = (
				83396D3429155935003EF727 /* Preview Assets.xcassets */,
			);
			path = "Preview Content";
			sourceTree = "<group>";
		};
		83396D3D29155936003EF727 /* ThemisTests */ = {
			isa = PBXGroup;
			children = (
				83396D3E29155936003EF727 /* ThemisTests.swift */,
			);
			path = ThemisTests;
			sourceTree = "<group>";
		};
		83396D4729155936003EF727 /* ThemisUITests */ = {
			isa = PBXGroup;
			children = (
				83396D4829155936003EF727 /* feedback2goUITests.swift */,
				83396D4A29155936003EF727 /* ThemisUITestsLaunchTests.swift */,
			);
			path = ThemisUITests;
			sourceTree = "<group>";
		};
		8384C4292920F7D7008CCB4D /* CorrectionSidebar */ = {
			isa = PBXGroup;
			children = (
				DA3F0F04294A30B800A7B807 /* EditFeedback */,
				8384C42A2920F855008CCB4D /* CorrectionSidebarView.swift */,
				8384C42E29210458008CCB4D /* CorrectionGuidelinesCellView.swift */,
				8384C43029210474008CCB4D /* FeedbackListView.swift */,
				8384C438292A8592008CCB4D /* FeedbackCellView.swift */,
				8384C440292AA1FB008CCB4D /* GradingCriteriaCellView.swift */,
			);
			name = CorrectionSidebar;
			path = Themis/Views/Assessment/CorrectionSidebar;
			sourceTree = SOURCE_ROOT;
		};
		83E729E52915751600DB7B36 /* Supporting */ = {
			isa = PBXGroup;
			children = (
				83E729E82915786600DB7B36 /* Info.plist */,
			);
			path = Supporting;
			sourceTree = "<group>";
		};
		A9752D772992AA66004441D1 /* Exams */ = {
			isa = PBXGroup;
			children = (
				A9752D782992AA8B004441D1 /* ExamSection.swift */,
				A9752D7A2992AAEB004441D1 /* ExamSectionDetailView.swift */,
				65E797292A1A4EF800E17401 /* ExamListItem.swift */,
			);
			path = Exams;
			sourceTree = "<group>";
		};
		DA0687C0292FB4610091B88A /* Submissions */ = {
			isa = PBXGroup;
			children = (
				DA0687C1292FB4870091B88A /* SubmissionListView.swift */,
				E1DC9BA2293D241100674F5B /* SubmissionSearchView.swift */,
			);
			path = Submissions;
			sourceTree = "<group>";
		};
		DA249E9429301E1B008DE1D5 /* SubmissionList */ = {
			isa = PBXGroup;
			children = (
				DA98C6602954DED7005727FB /* SubmissionSearchResult.swift */,
				DA249E9529301E72008DE1D5 /* SubmissionListViewModel.swift */,
				E1DC9BA4293D28E900674F5B /* SubmissionSearchViewModel.swift */,
			);
			path = SubmissionList;
			sourceTree = "<group>";
		};
		DA3978E4296C16D200734E01 /* Course */ = {
			isa = PBXGroup;
			children = (
				DA3978E5296C16D200734E01 /* CourseViewModel.swift */,
			);
			path = Course;
			sourceTree = "<group>";
		};
		DA3F0F04294A30B800A7B807 /* EditFeedback */ = {
			isa = PBXGroup;
			children = (
				E58C68052935037C008E6FEE /* EditFeedbackViewBase.swift */,
				DA3F0F00294A2DF800A7B807 /* AddFeedbackView.swift */,
				DA3F0F02294A308E00A7B807 /* EditFeedbackView.swift */,
				6567A90229EFF85200A5EFDA /* ScorePicker.swift */,
			);
			path = EditFeedback;
			sourceTree = "<group>";
		};
		DA98C6622954ED7B005727FB /* Custom */ = {
			isa = PBXGroup;
			children = (
				E168C726296DDB3D00A1D1D4 /* CustomProgressView.swift */,
				F9224439297BFD1A008E4374 /* CircularProgressView.swift */,
				E536EAD2298C00380078E077 /* DateTimelineView.swift */,
				F958C4DD29887DE800E70669 /* ShakeEffect.swift */,
			);
			path = Custom;
			sourceTree = "<group>";
		};
		DAECE6FF296A1BC80025F875 /* Courses */ = {
			isa = PBXGroup;
			children = (
				DAECE700296A1BC80025F875 /* CourseView.swift */,
			);
			path = Courses;
			sourceTree = "<group>";
		};
		E2192ED1291E47670092CE58 /* REST */ = {
			isa = PBXGroup;
			children = (
				E2192ED2291E47820092CE58 /* RESTController.swift */,
				E2192ED6291E57810092CE58 /* RESTError.swift */,
				E2192ED8291E57A40092CE58 /* Request.swift */,
			);
			path = REST;
			sourceTree = "<group>";
		};
		E2192EDA291E59B50092CE58 /* API */ = {
			isa = PBXGroup;
			children = (
				E2E460DC29292ECF00ECC0A5 /* Stack.swift */,
				DAFFA3FA297F066200EA72B8 /* ArtemisDateHelpers.swift */,
				A90D8C7E29818AB70066DBFD /* ThemisAPI.swift */,
			);
			name = API;
			path = Themis/API;
			sourceTree = SOURCE_ROOT;
		};
		E2192EE6291EC2F90092CE58 /* Views */ = {
			isa = PBXGroup;
			children = (
				A9752D772992AA66004441D1 /* Exams */,
				DAECE6FF296A1BC80025F875 /* Courses */,
				DA98C6622954ED7B005727FB /* Custom */,
				4065F856292E87AB005DAEE8 /* AppearanceSettings */,
				E21AF042292B9D4C0096ACFC /* Assessment */,
				E2192EE7291EC3100092CE58 /* Authentication */,
				83396D2F29155935003EF727 /* ContentView.swift */,
				E2E6748629203E280081238B /* Exercises */,
				DA0687C0292FB4610091B88A /* Submissions */,
			);
			name = Views;
			path = Themis/Views;
			sourceTree = SOURCE_ROOT;
		};
		E2192EE7291EC3100092CE58 /* Authentication */ = {
			isa = PBXGroup;
			children = (
				E2192EE4291EBFFE0092CE58 /* AuthenticationView.swift */,
				DA249E99293029A3008DE1D5 /* AuthenticatedPreview.swift */,
				DA295CC5293A67EB000E04DC /* AuthenticationEnvironmentVariables.swift */,
			);
			name = Authentication;
			path = Themis/Views/Authentication;
			sourceTree = SOURCE_ROOT;
		};
		E21AF042292B9D4C0096ACFC /* Assessment */ = {
			isa = PBXGroup;
			children = (
				65B49F4A2A08190B00C9A45F /* Pane */,
				652A98002A07D50B00EB1F32 /* Toolbar */,
				E2CAE63D29362B2800FAD327 /* AssessmentSubmissionLoaderView.swift */,
				E21AF052292B9D4C0096ACFC /* AssessmentView.swift */,
				E21AF045292B9D4C0096ACFC /* CodeEditor */,
				8384C4292920F7D7008CCB4D /* CorrectionSidebar */,
				0BEC4C33292EA18000F9F802 /* FiletreeSidebar */,
			);
			name = Assessment;
			path = Themis/Views/Assessment;
			sourceTree = SOURCE_ROOT;
		};
		E21AF045292B9D4C0096ACFC /* CodeEditor */ = {
			isa = PBXGroup;
			children = (
				E2DC481B294626A200DAF0CC /* Drawing */,
				E21AF047292B9D4C0096ACFC /* CodeView.swift */,
				E21AF048292B9D4C0096ACFC /* TabsView.swift */,
				0BEC4C36292EA32A00F9F802 /* CodeEditorView.swift */,
			);
			name = CodeEditor;
			path = Themis/Views/Assessment/CodeEditor;
			sourceTree = SOURCE_ROOT;
		};
		E2896223297DD0E30085AD98 /* Frameworks */ = {
			isa = PBXGroup;
			children = (
			);
			name = Frameworks;
			sourceTree = "<group>";
		};
		E2CAE63C293521A100FAD327 /* Exercise */ = {
			isa = PBXGroup;
			children = (
				E2CAE63A2935219E00FAD327 /* ExerciseViewModel.swift */,
			);
			path = Exercise;
			sourceTree = "<group>";
		};
		E2DC481B294626A200DAF0CC /* Drawing */ = {
			isa = PBXGroup;
			children = (
				E2DC481E294626AD00DAF0CC /* DrawingEngine.swift */,
				E2DC481C294626AD00DAF0CC /* DrawingShape.swift */,
			);
			path = Drawing;
			sourceTree = "<group>";
		};
		E2E6748629203E280081238B /* Exercises */ = {
			isa = PBXGroup;
			children = (
				E2E6748729203E350081238B /* ExerciseSection.swift */,
				E2CAE6382935214E00FAD327 /* ExerciseView.swift */,
				DAFFA3FC297F12A800EA72B8 /* ExerciseListItem.swift */,
				651A44B72A1672DE00DBCD92 /* ExerciseGroups.swift */,
				655084622A1B4E2300748A6F /* ProblemStatementView.swift */,
			);
			name = Exercises;
			path = Themis/Views/Exercises;
			sourceTree = SOURCE_ROOT;
		};
/* End PBXGroup section */

/* Begin PBXNativeTarget section */
		83396D2929155934003EF727 /* Themis */ = {
			isa = PBXNativeTarget;
			buildConfigurationList = 83396D4E29155936003EF727 /* Build configuration list for PBXNativeTarget "Themis" */;
			buildPhases = (
				83396D2629155934003EF727 /* Sources */,
				83396D2729155934003EF727 /* Frameworks */,
				83396D2829155934003EF727 /* Resources */,
				83D0D3E4291EA84300AE690D /* ShellScript */,
			);
			buildRules = (
			);
			dependencies = (
			);
			name = Themis;
			packageProductDependencies = (
				E2192EE0291E6F780092CE58 /* KeychainAccess */,
				F9032CA4294A159700B2DED5 /* CachedAsyncImage */,
				E2E3852929437F9100F5854D /* CodeEditor */,
				E536EAD0297458240078E077 /* SwiftUIReorderableForEach */,
				657534A92A0F7A52004B0C3F /* APIClient */,
				657534AB2A0F7A52004B0C3F /* Account */,
				657534AD2A0F7A52004B0C3F /* ArtemisMarkdown */,
				657534AF2A0F7A52004B0C3F /* Common */,
				657534B12A0F7A52004B0C3F /* DesignLibrary */,
				657534B32A0F7A52004B0C3F /* Login */,
				657534B52A0F7A52004B0C3F /* ProfileInfo */,
				657534B72A0F7A52004B0C3F /* PushNotifications */,
				657534B92A0F7A52004B0C3F /* SharedModels */,
				657534BB2A0F7A52004B0C3F /* UserStore */,
			);
			productName = feedback2go;
			productReference = 83396D2A29155935003EF727 /* Themis.app */;
			productType = "com.apple.product-type.application";
		};
		83396D3929155936003EF727 /* ThemisTests */ = {
			isa = PBXNativeTarget;
			buildConfigurationList = 83396D5129155936003EF727 /* Build configuration list for PBXNativeTarget "ThemisTests" */;
			buildPhases = (
				83396D3629155936003EF727 /* Sources */,
				83396D3729155936003EF727 /* Frameworks */,
				83396D3829155936003EF727 /* Resources */,
			);
			buildRules = (
			);
			dependencies = (
				83396D3C29155936003EF727 /* PBXTargetDependency */,
			);
			name = ThemisTests;
			productName = feedback2goTests;
			productReference = 83396D3A29155936003EF727 /* ThemisTests.xctest */;
			productType = "com.apple.product-type.bundle.unit-test";
		};
		83396D4329155936003EF727 /* ThemisUITests */ = {
			isa = PBXNativeTarget;
			buildConfigurationList = 83396D5429155936003EF727 /* Build configuration list for PBXNativeTarget "ThemisUITests" */;
			buildPhases = (
				83396D4029155936003EF727 /* Sources */,
				83396D4129155936003EF727 /* Frameworks */,
				83396D4229155936003EF727 /* Resources */,
			);
			buildRules = (
			);
			dependencies = (
				83396D4629155936003EF727 /* PBXTargetDependency */,
			);
			name = ThemisUITests;
			productName = feedback2goUITests;
			productReference = 83396D4429155936003EF727 /* ThemisUITests.xctest */;
			productType = "com.apple.product-type.bundle.ui-testing";
		};
/* End PBXNativeTarget section */

/* Begin PBXProject section */
		83396D2229155934003EF727 /* Project object */ = {
			isa = PBXProject;
			attributes = {
				BuildIndependentTargetsInParallel = 1;
				LastSwiftUpdateCheck = 1410;
				LastUpgradeCheck = 1410;
				TargetAttributes = {
					83396D2929155934003EF727 = {
						CreatedOnToolsVersion = 14.1;
					};
					83396D3929155936003EF727 = {
						CreatedOnToolsVersion = 14.1;
						TestTargetID = 83396D2929155934003EF727;
					};
					83396D4329155936003EF727 = {
						CreatedOnToolsVersion = 14.1;
						TestTargetID = 83396D2929155934003EF727;
					};
				};
			};
			buildConfigurationList = 83396D2529155934003EF727 /* Build configuration list for PBXProject "Themis" */;
			compatibilityVersion = "Xcode 14.0";
			developmentRegion = en;
			hasScannedForEncodings = 0;
			knownRegions = (
				en,
				Base,
			);
			mainGroup = 83396D2129155934003EF727;
			packageReferences = (
				E2192EDF291E6F780092CE58 /* XCRemoteSwiftPackageReference "KeychainAccess" */,
				F9032CA3294A159700B2DED5 /* XCRemoteSwiftPackageReference "swiftui-cached-async-image" */,
				E2E3852829437F9100F5854D /* XCRemoteSwiftPackageReference "CodeEditor" */,
				E536EACF297458240078E077 /* XCRemoteSwiftPackageReference "swiftui-reorderable-foreach" */,
				657534A82A0F7A52004B0C3F /* XCRemoteSwiftPackageReference "artemis-ios-core-modules" */,
			);
			productRefGroup = 83396D2B29155935003EF727 /* Products */;
			projectDirPath = "";
			projectRoot = "";
			targets = (
				83396D2929155934003EF727 /* Themis */,
				83396D3929155936003EF727 /* ThemisTests */,
				83396D4329155936003EF727 /* ThemisUITests */,
			);
		};
/* End PBXProject section */

/* Begin PBXResourcesBuildPhase section */
		83396D2829155934003EF727 /* Resources */ = {
			isa = PBXResourcesBuildPhase;
			buildActionMask = 2147483647;
			files = (
				83396D3529155935003EF727 /* Preview Assets.xcassets in Resources */,
				83396D3229155935003EF727 /* Assets.xcassets in Resources */,
			);
			runOnlyForDeploymentPostprocessing = 0;
		};
		83396D3829155936003EF727 /* Resources */ = {
			isa = PBXResourcesBuildPhase;
			buildActionMask = 2147483647;
			files = (
			);
			runOnlyForDeploymentPostprocessing = 0;
		};
		83396D4229155936003EF727 /* Resources */ = {
			isa = PBXResourcesBuildPhase;
			buildActionMask = 2147483647;
			files = (
			);
			runOnlyForDeploymentPostprocessing = 0;
		};
/* End PBXResourcesBuildPhase section */

/* Begin PBXShellScriptBuildPhase section */
		83D0D3E4291EA84300AE690D /* ShellScript */ = {
			isa = PBXShellScriptBuildPhase;
			buildActionMask = 12;
			files = (
			);
			inputFileListPaths = (
			);
			inputPaths = (
			);
			outputFileListPaths = (
			);
			outputPaths = (
			);
			runOnlyForDeploymentPostprocessing = 0;
			shellPath = /bin/sh;
			shellScript = "if [ \"${CONFIGURATION}\" == \"Debug\" ]; then\n  export PATH=\"$PATH:/opt/homebrew/bin\"\n  if which swiftlint > /dev/null; then\n    swiftlint --fix --config swiftlint.yml && swiftlint --config swiftlint.yml\n  else\n    echo \"warning: SwiftLint not installed, download from https://github.com/realm/SwiftLint\"\n  fi\nfi\n";
		};
/* End PBXShellScriptBuildPhase section */

/* Begin PBXSourcesBuildPhase section */
		83396D2629155934003EF727 /* Sources */ = {
			isa = PBXSourcesBuildPhase;
			buildActionMask = 2147483647;
			files = (
				E2DC481F294626AD00DAF0CC /* DrawingShape.swift in Sources */,
				65B49F492A0817DC00C9A45F /* ToolbarSaveButton.swift in Sources */,
				F958C4DE29887DE800E70669 /* ShakeEffect.swift in Sources */,
				65E6A0F82A13C3EC0058E5D6 /* ExamService.swift in Sources */,
				65E6A0FF2A13D1630058E5D6 /* AssessmentServiceImpl.swift in Sources */,
				DAFFA3FD297F12A800EA72B8 /* ExerciseListItem.swift in Sources */,
				DA98C6612954DED7005727FB /* SubmissionSearchResult.swift in Sources */,
				65D2C69C2A011CDC001D5CD1 /* SubmissionExtension.swift in Sources */,
				E21AF057292B9D4C0096ACFC /* EditorFontSizeStepper.swift in Sources */,
				65E6A1072A1400E20058E5D6 /* RepositoryService.swift in Sources */,
				E200F785297ECDB700DE269D /* FileView.swift in Sources */,
				65E7972A2A1A4EF800E17401 /* ExamListItem.swift in Sources */,
				DAFFA3FB297F066200EA72B8 /* ArtemisDateHelpers.swift in Sources */,
				E2CAE63B2935219E00FAD327 /* ExerciseViewModel.swift in Sources */,
				656EAF602A0256A6003CF2B4 /* AssessmentFeedback.swift in Sources */,
				651A44BB2A167FDF00DBCD92 /* CourseMockExtension.swift in Sources */,
				E21AF053292B9D4C0096ACFC /* AssessmentViewModel.swift in Sources */,
				65B49F452A08064400C9A45F /* ToolbarUndoButton.swift in Sources */,
				E2CAE6392935214E00FAD327 /* ExerciseView.swift in Sources */,
				E2E6748829203E350081238B /* ExerciseSection.swift in Sources */,
				E168C723296DCCE100A1D1D4 /* ThemisButtonStyle.swift in Sources */,
				E2CAE63E29362B2800FAD327 /* AssessmentSubmissionLoaderView.swift in Sources */,
				F922443A297BFD1A008E4374 /* CircularProgressView.swift in Sources */,
				652A98022A07D51C00EB1F32 /* ToolbarCancelButton.swift in Sources */,
				6567A90329EFF85200A5EFDA /* ScorePicker.swift in Sources */,
				65E6A0FA2A13C5C90058E5D6 /* ExamServiceImpl.swift in Sources */,
				65B49F4C2A08192100C9A45F /* LeftGripView.swift in Sources */,
				65153F9F2A0F9B260020B6FE /* LoginVMExtension.swift in Sources */,
				E21AF05A292B9D4C0096ACFC /* AssessmentView.swift in Sources */,
				65B49F3A2A07D5F200C9A45F /* ToolbarToggleButton.swift in Sources */,
				E2192ED9291E57A40092CE58 /* Request.swift in Sources */,
				E119ED9B2922DE4700626DEA /* Assessment.swift in Sources */,
				6589205729EE7C18005EE6FA /* LoginButtonStyle.swift in Sources */,
				83396D3029155935003EF727 /* ContentView.swift in Sources */,
				655084632A1B4E2300748A6F /* ProblemStatementView.swift in Sources */,
				0BEC4C35292EA1A400F9F802 /* FiletreeSidebarView.swift in Sources */,
				65C2F7532A03E3D4001EDADC /* FormatterExtension.swift in Sources */,
				E21AF055292B9D4C0096ACFC /* TabsView.swift in Sources */,
				8384C43129210474008CCB4D /* FeedbackListView.swift in Sources */,
				65E6A1042A13E72E0058E5D6 /* SubmissionServiceImpl.swift in Sources */,
				65E797282A1A4B9400E17401 /* SectionTitleModifier.swift in Sources */,
				DAECE701296A1BC80025F875 /* CourseView.swift in Sources */,
				E536EAD3298C00380078E077 /* DateTimelineView.swift in Sources */,
				E200F787297F10B300DE269D /* SourceCodeLanguage.swift in Sources */,
				65B49F3C2A07E87F00C9A45F /* UndoManagerExtension.swift in Sources */,
				65D2C6892A011815001D5CD1 /* ExerciseExtension.swift in Sources */,
				8384C441292AA1FB008CCB4D /* GradingCriteriaCellView.swift in Sources */,
				658057182A02C64B00835AD0 /* ExamExtension.swift in Sources */,
				8384C42F29210458008CCB4D /* CorrectionGuidelinesCellView.swift in Sources */,
				DA249E9A293029A3008DE1D5 /* AuthenticatedPreview.swift in Sources */,
				65C2F7552A03E428001EDADC /* JSONDecoderExtension.swift in Sources */,
				65B49F432A08058A00C9A45F /* AssessmentModeSymbol.swift in Sources */,
				659CDC8129FAD79100E5FA50 /* ViewHideExtension.swift in Sources */,
				651A44B82A1672DE00DBCD92 /* ExerciseGroups.swift in Sources */,
				65B49F402A07F29400C9A45F /* PaneViewModel.swift in Sources */,
				65B49F3E2A07ED6100C9A45F /* ToolbarFileTreeToggleButton.swift in Sources */,
				E2192EE5291EBFFE0092CE58 /* AuthenticationView.swift in Sources */,
				65E6A0FD2A13D1540058E5D6 /* AssessmentService.swift in Sources */,
				E1DC9BA5293D28E900674F5B /* SubmissionSearchViewModel.swift in Sources */,
				65B49F4E2A08220D00C9A45F /* RightGripView.swift in Sources */,
				659CDC8129FAD79100E5FA50 /* ViewHideExtension.swift in Sources */,
				E2192EE5291EBFFE0092CE58 /* AuthenticationView.swift in Sources */,
				65E6A1022A13E7260058E5D6 /* SubmissionService.swift in Sources */,
				E1DC9BA5293D28E900674F5B /* SubmissionSearchViewModel.swift in Sources */,
				65ABB1732A46E4A000DA2174 /* StringRangeExtension.swift in Sources */,
				658057162A02C4DD00835AD0 /* CourseExtension.swift in Sources */,
				E171F00E2933B5DD00236BC4 /* CodeEditorViewModel.swift in Sources */,
				A9752D792992AA8B004441D1 /* ExamSection.swift in Sources */,
				DA249E9629301E72008DE1D5 /* SubmissionListViewModel.swift in Sources */,
				8384C439292A8592008CCB4D /* FeedbackCellView.swift in Sources */,
				E58C68062935037C008E6FEE /* EditFeedbackViewBase.swift in Sources */,
				E168C727296DDB3D00A1D1D4 /* CustomProgressView.swift in Sources */,
				E2192ED7291E57810092CE58 /* RESTError.swift in Sources */,
				65B49F382A07D5C000C9A45F /* ToolbarPointsLabel.swift in Sources */,
				83396D2E29155935003EF727 /* ThemisApp.swift in Sources */,
				6589205D29EF0840005EE6FA /* ColorExtension.swift in Sources */,
				E21AF058292B9D4C0096ACFC /* HighlightName.swift in Sources */,
				DA249E9829302531008DE1D5 /* PreviewAuthenticationViewModel.swift in Sources */,
				E21AF054292B9D4C0096ACFC /* CodeView.swift in Sources */,
				E2E460DD29292ECF00ECC0A5 /* Stack.swift in Sources */,
				A9752D7B2992AAEB004441D1 /* ExamSectionDetailView.swift in Sources */,
				DA3F0F03294A308E00A7B807 /* EditFeedbackView.swift in Sources */,
				E119ED9F2922F48A00626DEA /* Repository.swift in Sources */,
				65153FA12A0FAD4A0020B6FE /* RootViewModel.swift in Sources */,
				653452B62A068E4D008D9598 /* ParticipationExtension.swift in Sources */,
				65B49F472A080A9900C9A45F /* ToolbarRedoButton.swift in Sources */,
				E2192ED3291E47820092CE58 /* RESTController.swift in Sources */,
				A90D8C7F29818AB70066DBFD /* ThemisAPI.swift in Sources */,
				E1DC9BA3293D241100674F5B /* SubmissionSearchView.swift in Sources */,
				DA3F0F01294A2DF800A7B807 /* AddFeedbackView.swift in Sources */,
				DA295CC6293A67EB000E04DC /* AuthenticationEnvironmentVariables.swift in Sources */,
				8384C42B2920F855008CCB4D /* CorrectionSidebarView.swift in Sources */,
				6589205529EE7BFC005EE6FA /* LoginTextFieldStyle.swift in Sources */,
				DA3978E6296C16D200734E01 /* CourseViewModel.swift in Sources */,
				DA0687C2292FB4870091B88A /* SubmissionListView.swift in Sources */,
				65E6A1092A1400EB0058E5D6 /* RepositoryServiceImpl.swift in Sources */,
				0BEC4C37292EA32A00F9F802 /* CodeEditorView.swift in Sources */,
				E2DC4821294626AD00DAF0CC /* DrawingEngine.swift in Sources */,
			);
			runOnlyForDeploymentPostprocessing = 0;
		};
		83396D3629155936003EF727 /* Sources */ = {
			isa = PBXSourcesBuildPhase;
			buildActionMask = 2147483647;
			files = (
				83396D3F29155936003EF727 /* ThemisTests.swift in Sources */,
			);
			runOnlyForDeploymentPostprocessing = 0;
		};
		83396D4029155936003EF727 /* Sources */ = {
			isa = PBXSourcesBuildPhase;
			buildActionMask = 2147483647;
			files = (
				83396D4B29155936003EF727 /* ThemisUITestsLaunchTests.swift in Sources */,
				83396D4929155936003EF727 /* feedback2goUITests.swift in Sources */,
			);
			runOnlyForDeploymentPostprocessing = 0;
		};
/* End PBXSourcesBuildPhase section */

/* Begin PBXTargetDependency section */
		83396D3C29155936003EF727 /* PBXTargetDependency */ = {
			isa = PBXTargetDependency;
			target = 83396D2929155934003EF727 /* Themis */;
			targetProxy = 83396D3B29155936003EF727 /* PBXContainerItemProxy */;
		};
		83396D4629155936003EF727 /* PBXTargetDependency */ = {
			isa = PBXTargetDependency;
			target = 83396D2929155934003EF727 /* Themis */;
			targetProxy = 83396D4529155936003EF727 /* PBXContainerItemProxy */;
		};
/* End PBXTargetDependency section */

/* Begin XCBuildConfiguration section */
		83396D4C29155936003EF727 /* Debug */ = {
			isa = XCBuildConfiguration;
			buildSettings = {
				ALWAYS_SEARCH_USER_PATHS = NO;
				CLANG_ANALYZER_NONNULL = YES;
				CLANG_ANALYZER_NUMBER_OBJECT_CONVERSION = YES_AGGRESSIVE;
				CLANG_CXX_LANGUAGE_STANDARD = "gnu++20";
				CLANG_ENABLE_MODULES = YES;
				CLANG_ENABLE_OBJC_ARC = YES;
				CLANG_ENABLE_OBJC_WEAK = YES;
				CLANG_WARN_BLOCK_CAPTURE_AUTORELEASING = YES;
				CLANG_WARN_BOOL_CONVERSION = YES;
				CLANG_WARN_COMMA = YES;
				CLANG_WARN_CONSTANT_CONVERSION = YES;
				CLANG_WARN_DEPRECATED_OBJC_IMPLEMENTATIONS = YES;
				CLANG_WARN_DIRECT_OBJC_ISA_USAGE = YES_ERROR;
				CLANG_WARN_DOCUMENTATION_COMMENTS = YES;
				CLANG_WARN_EMPTY_BODY = YES;
				CLANG_WARN_ENUM_CONVERSION = YES;
				CLANG_WARN_INFINITE_RECURSION = YES;
				CLANG_WARN_INT_CONVERSION = YES;
				CLANG_WARN_NON_LITERAL_NULL_CONVERSION = YES;
				CLANG_WARN_OBJC_IMPLICIT_RETAIN_SELF = YES;
				CLANG_WARN_OBJC_LITERAL_CONVERSION = YES;
				CLANG_WARN_OBJC_ROOT_CLASS = YES_ERROR;
				CLANG_WARN_QUOTED_INCLUDE_IN_FRAMEWORK_HEADER = YES;
				CLANG_WARN_RANGE_LOOP_ANALYSIS = YES;
				CLANG_WARN_STRICT_PROTOTYPES = YES;
				CLANG_WARN_SUSPICIOUS_MOVE = YES;
				CLANG_WARN_UNGUARDED_AVAILABILITY = YES_AGGRESSIVE;
				CLANG_WARN_UNREACHABLE_CODE = YES;
				CLANG_WARN__DUPLICATE_METHOD_MATCH = YES;
				COPY_PHASE_STRIP = NO;
				DEBUG_INFORMATION_FORMAT = dwarf;
				ENABLE_STRICT_OBJC_MSGSEND = YES;
				ENABLE_TESTABILITY = YES;
				GCC_C_LANGUAGE_STANDARD = gnu11;
				GCC_DYNAMIC_NO_PIC = NO;
				GCC_NO_COMMON_BLOCKS = YES;
				GCC_OPTIMIZATION_LEVEL = 0;
				GCC_PREPROCESSOR_DEFINITIONS = (
					"DEBUG=1",
					"$(inherited)",
				);
				GCC_WARN_64_TO_32_BIT_CONVERSION = YES;
				GCC_WARN_ABOUT_RETURN_TYPE = YES_ERROR;
				GCC_WARN_UNDECLARED_SELECTOR = YES;
				GCC_WARN_UNINITIALIZED_AUTOS = YES_AGGRESSIVE;
				GCC_WARN_UNUSED_FUNCTION = YES;
				GCC_WARN_UNUSED_VARIABLE = YES;
				IPHONEOS_DEPLOYMENT_TARGET = 16.1;
				MTL_ENABLE_DEBUG_INFO = INCLUDE_SOURCE;
				MTL_FAST_MATH = YES;
				ONLY_ACTIVE_ARCH = YES;
				SDKROOT = iphoneos;
				SWIFT_ACTIVE_COMPILATION_CONDITIONS = DEBUG;
				SWIFT_OPTIMIZATION_LEVEL = "-Onone";
			};
			name = Debug;
		};
		83396D4D29155936003EF727 /* Release */ = {
			isa = XCBuildConfiguration;
			buildSettings = {
				ALWAYS_SEARCH_USER_PATHS = NO;
				CLANG_ANALYZER_NONNULL = YES;
				CLANG_ANALYZER_NUMBER_OBJECT_CONVERSION = YES_AGGRESSIVE;
				CLANG_CXX_LANGUAGE_STANDARD = "gnu++20";
				CLANG_ENABLE_MODULES = YES;
				CLANG_ENABLE_OBJC_ARC = YES;
				CLANG_ENABLE_OBJC_WEAK = YES;
				CLANG_WARN_BLOCK_CAPTURE_AUTORELEASING = YES;
				CLANG_WARN_BOOL_CONVERSION = YES;
				CLANG_WARN_COMMA = YES;
				CLANG_WARN_CONSTANT_CONVERSION = YES;
				CLANG_WARN_DEPRECATED_OBJC_IMPLEMENTATIONS = YES;
				CLANG_WARN_DIRECT_OBJC_ISA_USAGE = YES_ERROR;
				CLANG_WARN_DOCUMENTATION_COMMENTS = YES;
				CLANG_WARN_EMPTY_BODY = YES;
				CLANG_WARN_ENUM_CONVERSION = YES;
				CLANG_WARN_INFINITE_RECURSION = YES;
				CLANG_WARN_INT_CONVERSION = YES;
				CLANG_WARN_NON_LITERAL_NULL_CONVERSION = YES;
				CLANG_WARN_OBJC_IMPLICIT_RETAIN_SELF = YES;
				CLANG_WARN_OBJC_LITERAL_CONVERSION = YES;
				CLANG_WARN_OBJC_ROOT_CLASS = YES_ERROR;
				CLANG_WARN_QUOTED_INCLUDE_IN_FRAMEWORK_HEADER = YES;
				CLANG_WARN_RANGE_LOOP_ANALYSIS = YES;
				CLANG_WARN_STRICT_PROTOTYPES = YES;
				CLANG_WARN_SUSPICIOUS_MOVE = YES;
				CLANG_WARN_UNGUARDED_AVAILABILITY = YES_AGGRESSIVE;
				CLANG_WARN_UNREACHABLE_CODE = YES;
				CLANG_WARN__DUPLICATE_METHOD_MATCH = YES;
				COPY_PHASE_STRIP = NO;
				DEBUG_INFORMATION_FORMAT = "dwarf-with-dsym";
				ENABLE_NS_ASSERTIONS = NO;
				ENABLE_STRICT_OBJC_MSGSEND = YES;
				GCC_C_LANGUAGE_STANDARD = gnu11;
				GCC_NO_COMMON_BLOCKS = YES;
				GCC_WARN_64_TO_32_BIT_CONVERSION = YES;
				GCC_WARN_ABOUT_RETURN_TYPE = YES_ERROR;
				GCC_WARN_UNDECLARED_SELECTOR = YES;
				GCC_WARN_UNINITIALIZED_AUTOS = YES_AGGRESSIVE;
				GCC_WARN_UNUSED_FUNCTION = YES;
				GCC_WARN_UNUSED_VARIABLE = YES;
				IPHONEOS_DEPLOYMENT_TARGET = 16.1;
				MTL_ENABLE_DEBUG_INFO = NO;
				MTL_FAST_MATH = YES;
				SDKROOT = iphoneos;
				SWIFT_ACTIVE_COMPILATION_CONDITIONS = "";
				SWIFT_COMPILATION_MODE = wholemodule;
				SWIFT_OPTIMIZATION_LEVEL = "-O";
				VALIDATE_PRODUCT = YES;
			};
			name = Release;
		};
		83396D4F29155936003EF727 /* Debug */ = {
			isa = XCBuildConfiguration;
			buildSettings = {
				ASSETCATALOG_COMPILER_APPICON_NAME = AppIcon;
				ASSETCATALOG_COMPILER_GLOBAL_ACCENT_COLOR_NAME = AccentColor;
				CODE_SIGN_STYLE = Automatic;
				CURRENT_PROJECT_VERSION = 1;
				DEVELOPMENT_ASSET_PATHS = "Themis/Preview\\ Content";
				DEVELOPMENT_TEAM = 7PLLZ436SG;
				ENABLE_PREVIEWS = YES;
				GENERATE_INFOPLIST_FILE = NO;
				INFOPLIST_FILE = Themis/Supporting/Info.plist;
				INFOPLIST_KEY_UIApplicationSceneManifest_Generation = YES;
				INFOPLIST_KEY_UIApplicationSupportsIndirectInputEvents = YES;
				INFOPLIST_KEY_UILaunchScreen_Generation = YES;
				INFOPLIST_KEY_UIRequiresFullScreen = NO;
				INFOPLIST_KEY_UISupportedInterfaceOrientations_iPad = "UIInterfaceOrientationPortrait UIInterfaceOrientationPortraitUpsideDown UIInterfaceOrientationLandscapeLeft UIInterfaceOrientationLandscapeRight";
				INFOPLIST_KEY_UISupportedInterfaceOrientations_iPhone = "UIInterfaceOrientationPortrait UIInterfaceOrientationLandscapeLeft UIInterfaceOrientationLandscapeRight";
				LD_RUNPATH_SEARCH_PATHS = (
					"$(inherited)",
					"@executable_path/Frameworks",
				);
				MARKETING_VERSION = 1.0;
				PRODUCT_BUNDLE_IDENTIFIER = de.tum.in.ase.university.ios2223.cit.Themis;
				PRODUCT_NAME = "$(TARGET_NAME)";
				SWIFT_EMIT_LOC_STRINGS = YES;
				SWIFT_VERSION = 5.0;
				TARGETED_DEVICE_FAMILY = "1,2";
			};
			name = Debug;
		};
		83396D5029155936003EF727 /* Release */ = {
			isa = XCBuildConfiguration;
			buildSettings = {
				ASSETCATALOG_COMPILER_APPICON_NAME = AppIcon;
				ASSETCATALOG_COMPILER_GLOBAL_ACCENT_COLOR_NAME = AccentColor;
				CODE_SIGN_STYLE = Automatic;
				CURRENT_PROJECT_VERSION = 1;
				DEVELOPMENT_ASSET_PATHS = "Themis/Preview\\ Content";
				DEVELOPMENT_TEAM = 7PLLZ436SG;
				ENABLE_PREVIEWS = YES;
				GENERATE_INFOPLIST_FILE = NO;
				INFOPLIST_FILE = Themis/Supporting/Info.plist;
				INFOPLIST_KEY_UIApplicationSceneManifest_Generation = YES;
				INFOPLIST_KEY_UIApplicationSupportsIndirectInputEvents = YES;
				INFOPLIST_KEY_UILaunchScreen_Generation = YES;
				INFOPLIST_KEY_UIRequiresFullScreen = NO;
				INFOPLIST_KEY_UISupportedInterfaceOrientations_iPad = "UIInterfaceOrientationPortrait UIInterfaceOrientationPortraitUpsideDown UIInterfaceOrientationLandscapeLeft UIInterfaceOrientationLandscapeRight";
				INFOPLIST_KEY_UISupportedInterfaceOrientations_iPhone = "UIInterfaceOrientationPortrait UIInterfaceOrientationLandscapeLeft UIInterfaceOrientationLandscapeRight";
				LD_RUNPATH_SEARCH_PATHS = (
					"$(inherited)",
					"@executable_path/Frameworks",
				);
				MARKETING_VERSION = 1.0;
				PRODUCT_BUNDLE_IDENTIFIER = de.tum.in.ase.university.ios2223.cit.Themis;
				PRODUCT_NAME = "$(TARGET_NAME)";
				SWIFT_EMIT_LOC_STRINGS = YES;
				SWIFT_VERSION = 5.0;
				TARGETED_DEVICE_FAMILY = "1,2";
			};
			name = Release;
		};
		83396D5229155936003EF727 /* Debug */ = {
			isa = XCBuildConfiguration;
			buildSettings = {
				ALWAYS_EMBED_SWIFT_STANDARD_LIBRARIES = YES;
				BUNDLE_LOADER = "$(TEST_HOST)";
				CODE_SIGN_STYLE = Automatic;
				CURRENT_PROJECT_VERSION = 1;
				DEVELOPMENT_TEAM = 7PLLZ436SG;
				GENERATE_INFOPLIST_FILE = YES;
				IPHONEOS_DEPLOYMENT_TARGET = 16.1;
				MARKETING_VERSION = 1.0;
				PRODUCT_BUNDLE_IDENTIFIER = de.tum.in.ase.university.ios2223.cit.ThemisTests;
				PRODUCT_NAME = "$(TARGET_NAME)";
				SWIFT_EMIT_LOC_STRINGS = NO;
				SWIFT_VERSION = 5.0;
				TARGETED_DEVICE_FAMILY = "1,2";
				TEST_HOST = "$(BUILT_PRODUCTS_DIR)/Themis.app/$(BUNDLE_EXECUTABLE_FOLDER_PATH)/Themis";
			};
			name = Debug;
		};
		83396D5329155936003EF727 /* Release */ = {
			isa = XCBuildConfiguration;
			buildSettings = {
				ALWAYS_EMBED_SWIFT_STANDARD_LIBRARIES = YES;
				BUNDLE_LOADER = "$(TEST_HOST)";
				CODE_SIGN_STYLE = Automatic;
				CURRENT_PROJECT_VERSION = 1;
				DEVELOPMENT_TEAM = 7PLLZ436SG;
				GENERATE_INFOPLIST_FILE = YES;
				IPHONEOS_DEPLOYMENT_TARGET = 16.1;
				MARKETING_VERSION = 1.0;
				PRODUCT_BUNDLE_IDENTIFIER = de.tum.in.ase.university.ios2223.cit.ThemisTests;
				PRODUCT_NAME = "$(TARGET_NAME)";
				SWIFT_EMIT_LOC_STRINGS = NO;
				SWIFT_VERSION = 5.0;
				TARGETED_DEVICE_FAMILY = "1,2";
				TEST_HOST = "$(BUILT_PRODUCTS_DIR)/Themis.app/$(BUNDLE_EXECUTABLE_FOLDER_PATH)/Themis";
			};
			name = Release;
		};
		83396D5529155936003EF727 /* Debug */ = {
			isa = XCBuildConfiguration;
			buildSettings = {
				ALWAYS_EMBED_SWIFT_STANDARD_LIBRARIES = YES;
				CODE_SIGN_STYLE = Automatic;
				CURRENT_PROJECT_VERSION = 1;
				DEVELOPMENT_TEAM = 7PLLZ436SG;
				GENERATE_INFOPLIST_FILE = YES;
				MARKETING_VERSION = 1.0;
				PRODUCT_BUNDLE_IDENTIFIER = de.tum.in.ase.university.ios2223.cit.ThemisUITests;
				PRODUCT_NAME = "$(TARGET_NAME)";
				SWIFT_EMIT_LOC_STRINGS = NO;
				SWIFT_VERSION = 5.0;
				TARGETED_DEVICE_FAMILY = "1,2";
				TEST_TARGET_NAME = Themis;
			};
			name = Debug;
		};
		83396D5629155936003EF727 /* Release */ = {
			isa = XCBuildConfiguration;
			buildSettings = {
				ALWAYS_EMBED_SWIFT_STANDARD_LIBRARIES = YES;
				CODE_SIGN_STYLE = Automatic;
				CURRENT_PROJECT_VERSION = 1;
				DEVELOPMENT_TEAM = 7PLLZ436SG;
				GENERATE_INFOPLIST_FILE = YES;
				MARKETING_VERSION = 1.0;
				PRODUCT_BUNDLE_IDENTIFIER = de.tum.in.ase.university.ios2223.cit.ThemisUITests;
				PRODUCT_NAME = "$(TARGET_NAME)";
				SWIFT_EMIT_LOC_STRINGS = NO;
				SWIFT_VERSION = 5.0;
				TARGETED_DEVICE_FAMILY = "1,2";
				TEST_TARGET_NAME = Themis;
			};
			name = Release;
		};
/* End XCBuildConfiguration section */

/* Begin XCConfigurationList section */
		83396D2529155934003EF727 /* Build configuration list for PBXProject "Themis" */ = {
			isa = XCConfigurationList;
			buildConfigurations = (
				83396D4C29155936003EF727 /* Debug */,
				83396D4D29155936003EF727 /* Release */,
			);
			defaultConfigurationIsVisible = 0;
			defaultConfigurationName = Release;
		};
		83396D4E29155936003EF727 /* Build configuration list for PBXNativeTarget "Themis" */ = {
			isa = XCConfigurationList;
			buildConfigurations = (
				83396D4F29155936003EF727 /* Debug */,
				83396D5029155936003EF727 /* Release */,
			);
			defaultConfigurationIsVisible = 0;
			defaultConfigurationName = Release;
		};
		83396D5129155936003EF727 /* Build configuration list for PBXNativeTarget "ThemisTests" */ = {
			isa = XCConfigurationList;
			buildConfigurations = (
				83396D5229155936003EF727 /* Debug */,
				83396D5329155936003EF727 /* Release */,
			);
			defaultConfigurationIsVisible = 0;
			defaultConfigurationName = Release;
		};
		83396D5429155936003EF727 /* Build configuration list for PBXNativeTarget "ThemisUITests" */ = {
			isa = XCConfigurationList;
			buildConfigurations = (
				83396D5529155936003EF727 /* Debug */,
				83396D5629155936003EF727 /* Release */,
			);
			defaultConfigurationIsVisible = 0;
			defaultConfigurationName = Release;
		};
/* End XCConfigurationList section */

/* Begin XCRemoteSwiftPackageReference section */
		6564DC022A00EFFC00CF2F89 /* XCRemoteSwiftPackageReference "artemis-ios-core-modules" */ = {
			isa = XCRemoteSwiftPackageReference;
			repositoryURL = "https://github.com/ls1intum/artemis-ios-core-modules";
			requirement = {
				kind = upToNextMajorVersion;
				minimumVersion = 2.0.0;
			};
		};
		657534A82A0F7A52004B0C3F /* XCRemoteSwiftPackageReference "artemis-ios-core-modules" */ = {
			isa = XCRemoteSwiftPackageReference;
			repositoryURL = "https://github.com/ls1intum/artemis-ios-core-modules";
			requirement = {
				kind = upToNextMajorVersion;
				minimumVersion = 2.0.0;
			};
		};
		E2192EDF291E6F780092CE58 /* XCRemoteSwiftPackageReference "KeychainAccess" */ = {
			isa = XCRemoteSwiftPackageReference;
			repositoryURL = "https://github.com/kishikawakatsumi/KeychainAccess";
			requirement = {
				branch = master;
				kind = branch;
			};
		};
		E2E3852829437F9100F5854D /* XCRemoteSwiftPackageReference "CodeEditor" */ = {
			isa = XCRemoteSwiftPackageReference;
			repositoryURL = "https://github.com/ZeeZide/CodeEditor.git";
			requirement = {
				branch = main;
				kind = branch;
			};
		};
		E536EACF297458240078E077 /* XCRemoteSwiftPackageReference "swiftui-reorderable-foreach" */ = {
			isa = XCRemoteSwiftPackageReference;
			repositoryURL = "https://github.com/globulus/swiftui-reorderable-foreach";
			requirement = {
				branch = main;
				kind = branch;
			};
		};
		F9032CA3294A159700B2DED5 /* XCRemoteSwiftPackageReference "swiftui-cached-async-image" */ = {
			isa = XCRemoteSwiftPackageReference;
			repositoryURL = "https://github.com/lorenzofiamingo/swiftui-cached-async-image";
			requirement = {
				kind = upToNextMajorVersion;
				minimumVersion = 2.0.0;
			};
		};
/* End XCRemoteSwiftPackageReference section */

/* Begin XCSwiftPackageProductDependency section */
		6564DC0D2A00EFFC00CF2F89 /* SharedModels */ = {
			isa = XCSwiftPackageProductDependency;
			package = 6564DC022A00EFFC00CF2F89 /* XCRemoteSwiftPackageReference "artemis-ios-core-modules" */;
			productName = SharedModels;
		};
		6564DC0F2A00EFFC00CF2F89 /* UserStore */ = {
			isa = XCSwiftPackageProductDependency;
			package = 6564DC022A00EFFC00CF2F89 /* XCRemoteSwiftPackageReference "artemis-ios-core-modules" */;
			productName = UserStore;
		};
		657534A92A0F7A52004B0C3F /* APIClient */ = {
			isa = XCSwiftPackageProductDependency;
			package = 657534A82A0F7A52004B0C3F /* XCRemoteSwiftPackageReference "artemis-ios-core-modules" */;
			productName = APIClient;
		};
		657534AB2A0F7A52004B0C3F /* Account */ = {
			isa = XCSwiftPackageProductDependency;
			package = 657534A82A0F7A52004B0C3F /* XCRemoteSwiftPackageReference "artemis-ios-core-modules" */;
			productName = Account;
		};
		657534AD2A0F7A52004B0C3F /* ArtemisMarkdown */ = {
			isa = XCSwiftPackageProductDependency;
			package = 657534A82A0F7A52004B0C3F /* XCRemoteSwiftPackageReference "artemis-ios-core-modules" */;
			productName = ArtemisMarkdown;
		};
		657534AF2A0F7A52004B0C3F /* Common */ = {
			isa = XCSwiftPackageProductDependency;
			package = 657534A82A0F7A52004B0C3F /* XCRemoteSwiftPackageReference "artemis-ios-core-modules" */;
			productName = Common;
		};
		657534B12A0F7A52004B0C3F /* DesignLibrary */ = {
			isa = XCSwiftPackageProductDependency;
			package = 657534A82A0F7A52004B0C3F /* XCRemoteSwiftPackageReference "artemis-ios-core-modules" */;
			productName = DesignLibrary;
		};
		657534B32A0F7A52004B0C3F /* Login */ = {
			isa = XCSwiftPackageProductDependency;
			package = 657534A82A0F7A52004B0C3F /* XCRemoteSwiftPackageReference "artemis-ios-core-modules" */;
			productName = Login;
		};
		657534B52A0F7A52004B0C3F /* ProfileInfo */ = {
			isa = XCSwiftPackageProductDependency;
			package = 657534A82A0F7A52004B0C3F /* XCRemoteSwiftPackageReference "artemis-ios-core-modules" */;
			productName = ProfileInfo;
		};
		657534B72A0F7A52004B0C3F /* PushNotifications */ = {
			isa = XCSwiftPackageProductDependency;
			package = 657534A82A0F7A52004B0C3F /* XCRemoteSwiftPackageReference "artemis-ios-core-modules" */;
			productName = PushNotifications;
		};
		657534B92A0F7A52004B0C3F /* SharedModels */ = {
			isa = XCSwiftPackageProductDependency;
			package = 657534A82A0F7A52004B0C3F /* XCRemoteSwiftPackageReference "artemis-ios-core-modules" */;
			productName = SharedModels;
		};
		657534BB2A0F7A52004B0C3F /* UserStore */ = {
			isa = XCSwiftPackageProductDependency;
			package = 657534A82A0F7A52004B0C3F /* XCRemoteSwiftPackageReference "artemis-ios-core-modules" */;
			productName = UserStore;
		};
		E2192EE0291E6F780092CE58 /* KeychainAccess */ = {
			isa = XCSwiftPackageProductDependency;
			package = E2192EDF291E6F780092CE58 /* XCRemoteSwiftPackageReference "KeychainAccess" */;
			productName = KeychainAccess;
		};
		E2E3852929437F9100F5854D /* CodeEditor */ = {
			isa = XCSwiftPackageProductDependency;
			package = E2E3852829437F9100F5854D /* XCRemoteSwiftPackageReference "CodeEditor" */;
			productName = CodeEditor;
		};
		E536EAD0297458240078E077 /* SwiftUIReorderableForEach */ = {
			isa = XCSwiftPackageProductDependency;
			package = E536EACF297458240078E077 /* XCRemoteSwiftPackageReference "swiftui-reorderable-foreach" */;
			productName = SwiftUIReorderableForEach;
		};
		F9032CA4294A159700B2DED5 /* CachedAsyncImage */ = {
			isa = XCSwiftPackageProductDependency;
			package = F9032CA3294A159700B2DED5 /* XCRemoteSwiftPackageReference "swiftui-cached-async-image" */;
			productName = CachedAsyncImage;
		};
/* End XCSwiftPackageProductDependency section */
	};
	rootObject = 83396D2229155934003EF727 /* Project object */;
}
