// !$*UTF8*$!
{
	archiveVersion = 1;
	classes = {
	};
	objectVersion = 56;
	objects = {

/* Begin PBXBuildFile section */
		83396D2E29155935003EF727 /* feedback2goApp.swift in Sources */ = {isa = PBXBuildFile; fileRef = 83396D2D29155935003EF727 /* feedback2goApp.swift */; };
		83396D3029155935003EF727 /* ContentView.swift in Sources */ = {isa = PBXBuildFile; fileRef = 83396D2F29155935003EF727 /* ContentView.swift */; };
		83396D3229155935003EF727 /* Assets.xcassets in Resources */ = {isa = PBXBuildFile; fileRef = 83396D3129155935003EF727 /* Assets.xcassets */; };
		83396D3529155935003EF727 /* Preview Assets.xcassets in Resources */ = {isa = PBXBuildFile; fileRef = 83396D3429155935003EF727 /* Preview Assets.xcassets */; };
		83396D3F29155936003EF727 /* feedback2goTests.swift in Sources */ = {isa = PBXBuildFile; fileRef = 83396D3E29155936003EF727 /* feedback2goTests.swift */; };
		83396D4929155936003EF727 /* feedback2goUITests.swift in Sources */ = {isa = PBXBuildFile; fileRef = 83396D4829155936003EF727 /* feedback2goUITests.swift */; };
		83396D4B29155936003EF727 /* feedback2goUITestsLaunchTests.swift in Sources */ = {isa = PBXBuildFile; fileRef = 83396D4A29155936003EF727 /* feedback2goUITestsLaunchTests.swift */; };
/* End PBXBuildFile section */

/* Begin PBXContainerItemProxy section */
		83396D3B29155936003EF727 /* PBXContainerItemProxy */ = {
			isa = PBXContainerItemProxy;
			containerPortal = 83396D2229155934003EF727 /* Project object */;
			proxyType = 1;
			remoteGlobalIDString = 83396D2929155934003EF727;
			remoteInfo = feedback2go;
		};
		83396D4529155936003EF727 /* PBXContainerItemProxy */ = {
			isa = PBXContainerItemProxy;
			containerPortal = 83396D2229155934003EF727 /* Project object */;
			proxyType = 1;
			remoteGlobalIDString = 83396D2929155934003EF727;
			remoteInfo = feedback2go;
		};
/* End PBXContainerItemProxy section */

/* Begin PBXFileReference section */
		83396D2A29155935003EF727 /* feedback2go.app */ = {isa = PBXFileReference; explicitFileType = wrapper.application; includeInIndex = 0; path = feedback2go.app; sourceTree = BUILT_PRODUCTS_DIR; };
		83396D2D29155935003EF727 /* feedback2goApp.swift */ = {isa = PBXFileReference; lastKnownFileType = sourcecode.swift; path = feedback2goApp.swift; sourceTree = "<group>"; };
		83396D2F29155935003EF727 /* ContentView.swift */ = {isa = PBXFileReference; lastKnownFileType = sourcecode.swift; path = ContentView.swift; sourceTree = "<group>"; };
		83396D3129155935003EF727 /* Assets.xcassets */ = {isa = PBXFileReference; lastKnownFileType = folder.assetcatalog; path = Assets.xcassets; sourceTree = "<group>"; };
		83396D3429155935003EF727 /* Preview Assets.xcassets */ = {isa = PBXFileReference; lastKnownFileType = folder.assetcatalog; path = "Preview Assets.xcassets"; sourceTree = "<group>"; };
		83396D3A29155936003EF727 /* feedback2goTests.xctest */ = {isa = PBXFileReference; explicitFileType = wrapper.cfbundle; includeInIndex = 0; path = feedback2goTests.xctest; sourceTree = BUILT_PRODUCTS_DIR; };
		83396D3E29155936003EF727 /* feedback2goTests.swift */ = {isa = PBXFileReference; lastKnownFileType = sourcecode.swift; path = feedback2goTests.swift; sourceTree = "<group>"; };
		83396D4429155936003EF727 /* feedback2goUITests.xctest */ = {isa = PBXFileReference; explicitFileType = wrapper.cfbundle; includeInIndex = 0; path = feedback2goUITests.xctest; sourceTree = BUILT_PRODUCTS_DIR; };
		83396D4829155936003EF727 /* feedback2goUITests.swift */ = {isa = PBXFileReference; lastKnownFileType = sourcecode.swift; path = feedback2goUITests.swift; sourceTree = "<group>"; };
		83396D4A29155936003EF727 /* feedback2goUITestsLaunchTests.swift */ = {isa = PBXFileReference; lastKnownFileType = sourcecode.swift; path = feedback2goUITestsLaunchTests.swift; sourceTree = "<group>"; };
		83E729E82915786600DB7B36 /* Info.plist */ = {isa = PBXFileReference; lastKnownFileType = text.plist.xml; path = Info.plist; sourceTree = "<group>"; };
/* End PBXFileReference section */

/* Begin PBXFrameworksBuildPhase section */
		83396D2729155934003EF727 /* Frameworks */ = {
			isa = PBXFrameworksBuildPhase;
			buildActionMask = 2147483647;
			files = (
			);
			runOnlyForDeploymentPostprocessing = 0;
		};
		83396D3729155936003EF727 /* Frameworks */ = {
			isa = PBXFrameworksBuildPhase;
			buildActionMask = 2147483647;
			files = (
			);
			runOnlyForDeploymentPostprocessing = 0;
		};
		83396D4129155936003EF727 /* Frameworks */ = {
			isa = PBXFrameworksBuildPhase;
			buildActionMask = 2147483647;
			files = (
			);
			runOnlyForDeploymentPostprocessing = 0;
		};
/* End PBXFrameworksBuildPhase section */

/* Begin PBXGroup section */
		83396D2129155934003EF727 = {
			isa = PBXGroup;
			children = (
				83396D2C29155935003EF727 /* feedback2go */,
				83396D3D29155936003EF727 /* feedback2goTests */,
				83396D4729155936003EF727 /* feedback2goUITests */,
				83396D2B29155935003EF727 /* Products */,
			);
			sourceTree = "<group>";
		};
		83396D2B29155935003EF727 /* Products */ = {
			isa = PBXGroup;
			children = (
				83396D2A29155935003EF727 /* feedback2go.app */,
				83396D3A29155936003EF727 /* feedback2goTests.xctest */,
				83396D4429155936003EF727 /* feedback2goUITests.xctest */,
			);
			name = Products;
			sourceTree = "<group>";
		};
		83396D2C29155935003EF727 /* feedback2go */ = {
			isa = PBXGroup;
			children = (
				83E729E52915751600DB7B36 /* Supporting */,
				83396D2D29155935003EF727 /* feedback2goApp.swift */,
				83396D2F29155935003EF727 /* ContentView.swift */,
				83396D3129155935003EF727 /* Assets.xcassets */,
				83396D3329155935003EF727 /* Preview Content */,
			);
			path = feedback2go;
			sourceTree = "<group>";
		};
		83396D3329155935003EF727 /* Preview Content */ = {
			isa = PBXGroup;
			children = (
				83396D3429155935003EF727 /* Preview Assets.xcassets */,
			);
			path = "Preview Content";
			sourceTree = "<group>";
		};
		83396D3D29155936003EF727 /* feedback2goTests */ = {
			isa = PBXGroup;
			children = (
				83396D3E29155936003EF727 /* feedback2goTests.swift */,
			);
			path = feedback2goTests;
			sourceTree = "<group>";
		};
		83396D4729155936003EF727 /* feedback2goUITests */ = {
			isa = PBXGroup;
			children = (
				83396D4829155936003EF727 /* feedback2goUITests.swift */,
				83396D4A29155936003EF727 /* feedback2goUITestsLaunchTests.swift */,
			);
			path = feedback2goUITests;
			sourceTree = "<group>";
		};
		83E729E52915751600DB7B36 /* Supporting */ = {
			isa = PBXGroup;
			children = (
				83E729E82915786600DB7B36 /* Info.plist */,
			);
			path = Supporting;
			sourceTree = "<group>";
		};
/* End PBXGroup section */

/* Begin PBXNativeTarget section */
		83396D2929155934003EF727 /* feedback2go */ = {
			isa = PBXNativeTarget;
			buildConfigurationList = 83396D4E29155936003EF727 /* Build configuration list for PBXNativeTarget "feedback2go" */;
			buildPhases = (
				83396D2629155934003EF727 /* Sources */,
				83396D2729155934003EF727 /* Frameworks */,
				83396D2829155934003EF727 /* Resources */,
				83D0D3E4291EA84300AE690D /* ShellScript */,
			);
			buildRules = (
			);
			dependencies = (
			);
			name = feedback2go;
			productName = feedback2go;
			productReference = 83396D2A29155935003EF727 /* feedback2go.app */;
			productType = "com.apple.product-type.application";
		};
		83396D3929155936003EF727 /* feedback2goTests */ = {
			isa = PBXNativeTarget;
			buildConfigurationList = 83396D5129155936003EF727 /* Build configuration list for PBXNativeTarget "feedback2goTests" */;
			buildPhases = (
				83396D3629155936003EF727 /* Sources */,
				83396D3729155936003EF727 /* Frameworks */,
				83396D3829155936003EF727 /* Resources */,
			);
			buildRules = (
			);
			dependencies = (
				83396D3C29155936003EF727 /* PBXTargetDependency */,
			);
			name = feedback2goTests;
			productName = feedback2goTests;
			productReference = 83396D3A29155936003EF727 /* feedback2goTests.xctest */;
			productType = "com.apple.product-type.bundle.unit-test";
		};
		83396D4329155936003EF727 /* feedback2goUITests */ = {
			isa = PBXNativeTarget;
			buildConfigurationList = 83396D5429155936003EF727 /* Build configuration list for PBXNativeTarget "feedback2goUITests" */;
			buildPhases = (
				83396D4029155936003EF727 /* Sources */,
				83396D4129155936003EF727 /* Frameworks */,
				83396D4229155936003EF727 /* Resources */,
			);
			buildRules = (
			);
			dependencies = (
				83396D4629155936003EF727 /* PBXTargetDependency */,
			);
			name = feedback2goUITests;
			productName = feedback2goUITests;
			productReference = 83396D4429155936003EF727 /* feedback2goUITests.xctest */;
			productType = "com.apple.product-type.bundle.ui-testing";
		};
/* End PBXNativeTarget section */

/* Begin PBXProject section */
		83396D2229155934003EF727 /* Project object */ = {
			isa = PBXProject;
			attributes = {
				BuildIndependentTargetsInParallel = 1;
				LastSwiftUpdateCheck = 1410;
				LastUpgradeCheck = 1410;
				TargetAttributes = {
					83396D2929155934003EF727 = {
						CreatedOnToolsVersion = 14.1;
					};
					83396D3929155936003EF727 = {
						CreatedOnToolsVersion = 14.1;
						TestTargetID = 83396D2929155934003EF727;
					};
					83396D4329155936003EF727 = {
						CreatedOnToolsVersion = 14.1;
						TestTargetID = 83396D2929155934003EF727;
					};
				};
			};
			buildConfigurationList = 83396D2529155934003EF727 /* Build configuration list for PBXProject "feedback2go" */;
			compatibilityVersion = "Xcode 14.0";
			developmentRegion = en;
			hasScannedForEncodings = 0;
			knownRegions = (
				en,
				Base,
			);
			mainGroup = 83396D2129155934003EF727;
			productRefGroup = 83396D2B29155935003EF727 /* Products */;
			projectDirPath = "";
			projectRoot = "";
			targets = (
				83396D2929155934003EF727 /* feedback2go */,
				83396D3929155936003EF727 /* feedback2goTests */,
				83396D4329155936003EF727 /* feedback2goUITests */,
			);
		};
/* End PBXProject section */

/* Begin PBXResourcesBuildPhase section */
		83396D2829155934003EF727 /* Resources */ = {
			isa = PBXResourcesBuildPhase;
			buildActionMask = 2147483647;
			files = (
				83396D3529155935003EF727 /* Preview Assets.xcassets in Resources */,
				83396D3229155935003EF727 /* Assets.xcassets in Resources */,
			);
			runOnlyForDeploymentPostprocessing = 0;
		};
		83396D3829155936003EF727 /* Resources */ = {
			isa = PBXResourcesBuildPhase;
			buildActionMask = 2147483647;
			files = (
			);
			runOnlyForDeploymentPostprocessing = 0;
		};
		83396D4229155936003EF727 /* Resources */ = {
			isa = PBXResourcesBuildPhase;
			buildActionMask = 2147483647;
			files = (
			);
			runOnlyForDeploymentPostprocessing = 0;
		};
/* End PBXResourcesBuildPhase section */

/* Begin PBXShellScriptBuildPhase section */
		83D0D3E4291EA84300AE690D /* ShellScript */ = {
			isa = PBXShellScriptBuildPhase;
			buildActionMask = 2147483647;
			files = (
			);
			inputFileListPaths = (
			);
			inputPaths = (
			);
			outputFileListPaths = (
			);
			outputPaths = (
			);
			runOnlyForDeploymentPostprocessing = 0;
			shellPath = /bin/sh;
			shellScript = "if [ \"${CONFIGURATION}\" == \"Debug\" ]; then\n  export PATH=\"$PATH:/opt/homebrew/bin\"\n  if which swiftlint > /dev/null; then\n    swiftlint\n  else\n    echo \"warning: SwiftLint not installed, download from https://github.com/realm/SwiftLint\"\n  fi\nfi\n";
		};
/* End PBXShellScriptBuildPhase section */

/* Begin PBXSourcesBuildPhase section */
		83396D2629155934003EF727 /* Sources */ = {
			isa = PBXSourcesBuildPhase;
			buildActionMask = 2147483647;
			files = (
				83396D3029155935003EF727 /* ContentView.swift in Sources */,
				83396D2E29155935003EF727 /* feedback2goApp.swift in Sources */,
			);
			runOnlyForDeploymentPostprocessing = 0;
		};
		83396D3629155936003EF727 /* Sources */ = {
			isa = PBXSourcesBuildPhase;
			buildActionMask = 2147483647;
			files = (
				83396D3F29155936003EF727 /* feedback2goTests.swift in Sources */,
			);
			runOnlyForDeploymentPostprocessing = 0;
		};
		83396D4029155936003EF727 /* Sources */ = {
			isa = PBXSourcesBuildPhase;
			buildActionMask = 2147483647;
			files = (
				83396D4B29155936003EF727 /* feedback2goUITestsLaunchTests.swift in Sources */,
				83396D4929155936003EF727 /* feedback2goUITests.swift in Sources */,
			);
			runOnlyForDeploymentPostprocessing = 0;
		};
/* End PBXSourcesBuildPhase section */

/* Begin PBXTargetDependency section */
		83396D3C29155936003EF727 /* PBXTargetDependency */ = {
			isa = PBXTargetDependency;
			target = 83396D2929155934003EF727 /* feedback2go */;
			targetProxy = 83396D3B29155936003EF727 /* PBXContainerItemProxy */;
		};
		83396D4629155936003EF727 /* PBXTargetDependency */ = {
			isa = PBXTargetDependency;
			target = 83396D2929155934003EF727 /* feedback2go */;
			targetProxy = 83396D4529155936003EF727 /* PBXContainerItemProxy */;
		};
/* End PBXTargetDependency section */

/* Begin XCBuildConfiguration section */
		83396D4C29155936003EF727 /* Debug */ = {
			isa = XCBuildConfiguration;
			buildSettings = {
				ALWAYS_SEARCH_USER_PATHS = NO;
				CLANG_ANALYZER_NONNULL = YES;
				CLANG_ANALYZER_NUMBER_OBJECT_CONVERSION = YES_AGGRESSIVE;
				CLANG_CXX_LANGUAGE_STANDARD = "gnu++20";
				CLANG_ENABLE_MODULES = YES;
				CLANG_ENABLE_OBJC_ARC = YES;
				CLANG_ENABLE_OBJC_WEAK = YES;
				CLANG_WARN_BLOCK_CAPTURE_AUTORELEASING = YES;
				CLANG_WARN_BOOL_CONVERSION = YES;
				CLANG_WARN_COMMA = YES;
				CLANG_WARN_CONSTANT_CONVERSION = YES;
				CLANG_WARN_DEPRECATED_OBJC_IMPLEMENTATIONS = YES;
				CLANG_WARN_DIRECT_OBJC_ISA_USAGE = YES_ERROR;
				CLANG_WARN_DOCUMENTATION_COMMENTS = YES;
				CLANG_WARN_EMPTY_BODY = YES;
				CLANG_WARN_ENUM_CONVERSION = YES;
				CLANG_WARN_INFINITE_RECURSION = YES;
				CLANG_WARN_INT_CONVERSION = YES;
				CLANG_WARN_NON_LITERAL_NULL_CONVERSION = YES;
				CLANG_WARN_OBJC_IMPLICIT_RETAIN_SELF = YES;
				CLANG_WARN_OBJC_LITERAL_CONVERSION = YES;
				CLANG_WARN_OBJC_ROOT_CLASS = YES_ERROR;
				CLANG_WARN_QUOTED_INCLUDE_IN_FRAMEWORK_HEADER = YES;
				CLANG_WARN_RANGE_LOOP_ANALYSIS = YES;
				CLANG_WARN_STRICT_PROTOTYPES = YES;
				CLANG_WARN_SUSPICIOUS_MOVE = YES;
				CLANG_WARN_UNGUARDED_AVAILABILITY = YES_AGGRESSIVE;
				CLANG_WARN_UNREACHABLE_CODE = YES;
				CLANG_WARN__DUPLICATE_METHOD_MATCH = YES;
				COPY_PHASE_STRIP = NO;
				DEBUG_INFORMATION_FORMAT = dwarf;
				ENABLE_STRICT_OBJC_MSGSEND = YES;
				ENABLE_TESTABILITY = YES;
				GCC_C_LANGUAGE_STANDARD = gnu11;
				GCC_DYNAMIC_NO_PIC = NO;
				GCC_NO_COMMON_BLOCKS = YES;
				GCC_OPTIMIZATION_LEVEL = 0;
				GCC_PREPROCESSOR_DEFINITIONS = (
					"DEBUG=1",
					"$(inherited)",
				);
				GCC_WARN_64_TO_32_BIT_CONVERSION = YES;
				GCC_WARN_ABOUT_RETURN_TYPE = YES_ERROR;
				GCC_WARN_UNDECLARED_SELECTOR = YES;
				GCC_WARN_UNINITIALIZED_AUTOS = YES_AGGRESSIVE;
				GCC_WARN_UNUSED_FUNCTION = YES;
				GCC_WARN_UNUSED_VARIABLE = YES;
				IPHONEOS_DEPLOYMENT_TARGET = 16.1;
				MTL_ENABLE_DEBUG_INFO = INCLUDE_SOURCE;
				MTL_FAST_MATH = YES;
				ONLY_ACTIVE_ARCH = YES;
				SDKROOT = iphoneos;
				SWIFT_ACTIVE_COMPILATION_CONDITIONS = DEBUG;
				SWIFT_OPTIMIZATION_LEVEL = "-Onone";
			};
			name = Debug;
		};
		83396D4D29155936003EF727 /* Release */ = {
			isa = XCBuildConfiguration;
			buildSettings = {
				ALWAYS_SEARCH_USER_PATHS = NO;
				CLANG_ANALYZER_NONNULL = YES;
				CLANG_ANALYZER_NUMBER_OBJECT_CONVERSION = YES_AGGRESSIVE;
				CLANG_CXX_LANGUAGE_STANDARD = "gnu++20";
				CLANG_ENABLE_MODULES = YES;
				CLANG_ENABLE_OBJC_ARC = YES;
				CLANG_ENABLE_OBJC_WEAK = YES;
				CLANG_WARN_BLOCK_CAPTURE_AUTORELEASING = YES;
				CLANG_WARN_BOOL_CONVERSION = YES;
				CLANG_WARN_COMMA = YES;
				CLANG_WARN_CONSTANT_CONVERSION = YES;
				CLANG_WARN_DEPRECATED_OBJC_IMPLEMENTATIONS = YES;
				CLANG_WARN_DIRECT_OBJC_ISA_USAGE = YES_ERROR;
				CLANG_WARN_DOCUMENTATION_COMMENTS = YES;
				CLANG_WARN_EMPTY_BODY = YES;
				CLANG_WARN_ENUM_CONVERSION = YES;
				CLANG_WARN_INFINITE_RECURSION = YES;
				CLANG_WARN_INT_CONVERSION = YES;
				CLANG_WARN_NON_LITERAL_NULL_CONVERSION = YES;
				CLANG_WARN_OBJC_IMPLICIT_RETAIN_SELF = YES;
				CLANG_WARN_OBJC_LITERAL_CONVERSION = YES;
				CLANG_WARN_OBJC_ROOT_CLASS = YES_ERROR;
				CLANG_WARN_QUOTED_INCLUDE_IN_FRAMEWORK_HEADER = YES;
				CLANG_WARN_RANGE_LOOP_ANALYSIS = YES;
				CLANG_WARN_STRICT_PROTOTYPES = YES;
				CLANG_WARN_SUSPICIOUS_MOVE = YES;
				CLANG_WARN_UNGUARDED_AVAILABILITY = YES_AGGRESSIVE;
				CLANG_WARN_UNREACHABLE_CODE = YES;
				CLANG_WARN__DUPLICATE_METHOD_MATCH = YES;
				COPY_PHASE_STRIP = NO;
				DEBUG_INFORMATION_FORMAT = "dwarf-with-dsym";
				ENABLE_NS_ASSERTIONS = NO;
				ENABLE_STRICT_OBJC_MSGSEND = YES;
				GCC_C_LANGUAGE_STANDARD = gnu11;
				GCC_NO_COMMON_BLOCKS = YES;
				GCC_WARN_64_TO_32_BIT_CONVERSION = YES;
				GCC_WARN_ABOUT_RETURN_TYPE = YES_ERROR;
				GCC_WARN_UNDECLARED_SELECTOR = YES;
				GCC_WARN_UNINITIALIZED_AUTOS = YES_AGGRESSIVE;
				GCC_WARN_UNUSED_FUNCTION = YES;
				GCC_WARN_UNUSED_VARIABLE = YES;
				IPHONEOS_DEPLOYMENT_TARGET = 16.1;
				MTL_ENABLE_DEBUG_INFO = NO;
				MTL_FAST_MATH = YES;
				SDKROOT = iphoneos;
				SWIFT_COMPILATION_MODE = wholemodule;
				SWIFT_OPTIMIZATION_LEVEL = "-O";
				VALIDATE_PRODUCT = YES;
			};
			name = Release;
		};
		83396D4F29155936003EF727 /* Debug */ = {
			isa = XCBuildConfiguration;
			buildSettings = {
				ASSETCATALOG_COMPILER_APPICON_NAME = AppIcon;
				ASSETCATALOG_COMPILER_GLOBAL_ACCENT_COLOR_NAME = AccentColor;
				CODE_SIGN_STYLE = Automatic;
				CURRENT_PROJECT_VERSION = 1;
				DEVELOPMENT_ASSET_PATHS = "\"feedback2go/Preview Content\"";
				DEVELOPMENT_TEAM = 7PLLZ436SG;
				ENABLE_PREVIEWS = YES;
				GENERATE_INFOPLIST_FILE = NO;
				INFOPLIST_FILE = feedback2go/Supporting/Info.plist;
				INFOPLIST_KEY_UIApplicationSceneManifest_Generation = YES;
				INFOPLIST_KEY_UIApplicationSupportsIndirectInputEvents = YES;
				INFOPLIST_KEY_UILaunchScreen_Generation = YES;
				INFOPLIST_KEY_UIRequiresFullScreen = NO;
				INFOPLIST_KEY_UISupportedInterfaceOrientations_iPad = "UIInterfaceOrientationPortrait UIInterfaceOrientationPortraitUpsideDown UIInterfaceOrientationLandscapeLeft UIInterfaceOrientationLandscapeRight";
				INFOPLIST_KEY_UISupportedInterfaceOrientations_iPhone = "UIInterfaceOrientationPortrait UIInterfaceOrientationLandscapeLeft UIInterfaceOrientationLandscapeRight";
				LD_RUNPATH_SEARCH_PATHS = (
					"$(inherited)",
					"@executable_path/Frameworks",
				);
				MARKETING_VERSION = 1.0;
				PRODUCT_BUNDLE_IDENTIFIER = de.tum.in.ase.university.ios2223.cit.feedback2go;
				PRODUCT_NAME = "$(TARGET_NAME)";
				SWIFT_EMIT_LOC_STRINGS = YES;
				SWIFT_VERSION = 5.0;
				TARGETED_DEVICE_FAMILY = "1,2";
			};
			name = Debug;
		};
		83396D5029155936003EF727 /* Release */ = {
			isa = XCBuildConfiguration;
			buildSettings = {
				ASSETCATALOG_COMPILER_APPICON_NAME = AppIcon;
				ASSETCATALOG_COMPILER_GLOBAL_ACCENT_COLOR_NAME = AccentColor;
				CODE_SIGN_STYLE = Automatic;
				CURRENT_PROJECT_VERSION = 1;
				DEVELOPMENT_ASSET_PATHS = "\"feedback2go/Preview Content\"";
				DEVELOPMENT_TEAM = 7PLLZ436SG;
				ENABLE_PREVIEWS = YES;
				GENERATE_INFOPLIST_FILE = NO;
				INFOPLIST_FILE = feedback2go/Supporting/Info.plist;
				INFOPLIST_KEY_UIApplicationSceneManifest_Generation = YES;
				INFOPLIST_KEY_UIApplicationSupportsIndirectInputEvents = YES;
				INFOPLIST_KEY_UILaunchScreen_Generation = YES;
				INFOPLIST_KEY_UIRequiresFullScreen = NO;
				INFOPLIST_KEY_UISupportedInterfaceOrientations_iPad = "UIInterfaceOrientationPortrait UIInterfaceOrientationPortraitUpsideDown UIInterfaceOrientationLandscapeLeft UIInterfaceOrientationLandscapeRight";
				INFOPLIST_KEY_UISupportedInterfaceOrientations_iPhone = "UIInterfaceOrientationPortrait UIInterfaceOrientationLandscapeLeft UIInterfaceOrientationLandscapeRight";
				LD_RUNPATH_SEARCH_PATHS = (
					"$(inherited)",
					"@executable_path/Frameworks",
				);
				MARKETING_VERSION = 1.0;
				PRODUCT_BUNDLE_IDENTIFIER = de.tum.in.ase.university.ios2223.cit.feedback2go;
				PRODUCT_NAME = "$(TARGET_NAME)";
				SWIFT_EMIT_LOC_STRINGS = YES;
				SWIFT_VERSION = 5.0;
				TARGETED_DEVICE_FAMILY = "1,2";
			};
			name = Release;
		};
		83396D5229155936003EF727 /* Debug */ = {
			isa = XCBuildConfiguration;
			buildSettings = {
				ALWAYS_EMBED_SWIFT_STANDARD_LIBRARIES = YES;
				BUNDLE_LOADER = "$(TEST_HOST)";
				CODE_SIGN_STYLE = Automatic;
				CURRENT_PROJECT_VERSION = 1;
				DEVELOPMENT_TEAM = 7PLLZ436SG;
				GENERATE_INFOPLIST_FILE = YES;
				IPHONEOS_DEPLOYMENT_TARGET = 16.1;
				MARKETING_VERSION = 1.0;
				PRODUCT_BUNDLE_IDENTIFIER = de.tum.in.ase.university.ios2223.cit.feedback2goTests;
				PRODUCT_NAME = "$(TARGET_NAME)";
				SWIFT_EMIT_LOC_STRINGS = NO;
				SWIFT_VERSION = 5.0;
				TARGETED_DEVICE_FAMILY = "1,2";
				TEST_HOST = "$(BUILT_PRODUCTS_DIR)/feedback2go.app/$(BUNDLE_EXECUTABLE_FOLDER_PATH)/feedback2go";
			};
			name = Debug;
		};
		83396D5329155936003EF727 /* Release */ = {
			isa = XCBuildConfiguration;
			buildSettings = {
				ALWAYS_EMBED_SWIFT_STANDARD_LIBRARIES = YES;
				BUNDLE_LOADER = "$(TEST_HOST)";
				CODE_SIGN_STYLE = Automatic;
				CURRENT_PROJECT_VERSION = 1;
				DEVELOPMENT_TEAM = 7PLLZ436SG;
				GENERATE_INFOPLIST_FILE = YES;
				IPHONEOS_DEPLOYMENT_TARGET = 16.1;
				MARKETING_VERSION = 1.0;
				PRODUCT_BUNDLE_IDENTIFIER = de.tum.in.ase.university.ios2223.cit.feedback2goTests;
				PRODUCT_NAME = "$(TARGET_NAME)";
				SWIFT_EMIT_LOC_STRINGS = NO;
				SWIFT_VERSION = 5.0;
				TARGETED_DEVICE_FAMILY = "1,2";
				TEST_HOST = "$(BUILT_PRODUCTS_DIR)/feedback2go.app/$(BUNDLE_EXECUTABLE_FOLDER_PATH)/feedback2go";
			};
			name = Release;
		};
		83396D5529155936003EF727 /* Debug */ = {
			isa = XCBuildConfiguration;
			buildSettings = {
				ALWAYS_EMBED_SWIFT_STANDARD_LIBRARIES = YES;
				CODE_SIGN_STYLE = Automatic;
				CURRENT_PROJECT_VERSION = 1;
				DEVELOPMENT_TEAM = 7PLLZ436SG;
				GENERATE_INFOPLIST_FILE = YES;
				MARKETING_VERSION = 1.0;
				PRODUCT_BUNDLE_IDENTIFIER = de.tum.in.ase.university.ios2223.cit.feedback2goUITests;
				PRODUCT_NAME = "$(TARGET_NAME)";
				SWIFT_EMIT_LOC_STRINGS = NO;
				SWIFT_VERSION = 5.0;
				TARGETED_DEVICE_FAMILY = "1,2";
				TEST_TARGET_NAME = feedback2go;
			};
			name = Debug;
		};
		83396D5629155936003EF727 /* Release */ = {
			isa = XCBuildConfiguration;
			buildSettings = {
				ALWAYS_EMBED_SWIFT_STANDARD_LIBRARIES = YES;
				CODE_SIGN_STYLE = Automatic;
				CURRENT_PROJECT_VERSION = 1;
				DEVELOPMENT_TEAM = 7PLLZ436SG;
				GENERATE_INFOPLIST_FILE = YES;
				MARKETING_VERSION = 1.0;
				PRODUCT_BUNDLE_IDENTIFIER = de.tum.in.ase.university.ios2223.cit.feedback2goUITests;
				PRODUCT_NAME = "$(TARGET_NAME)";
				SWIFT_EMIT_LOC_STRINGS = NO;
				SWIFT_VERSION = 5.0;
				TARGETED_DEVICE_FAMILY = "1,2";
				TEST_TARGET_NAME = feedback2go;
			};
			name = Release;
		};
/* End XCBuildConfiguration section */

/* Begin XCConfigurationList section */
		83396D2529155934003EF727 /* Build configuration list for PBXProject "feedback2go" */ = {
			isa = XCConfigurationList;
			buildConfigurations = (
				83396D4C29155936003EF727 /* Debug */,
				83396D4D29155936003EF727 /* Release */,
			);
			defaultConfigurationIsVisible = 0;
			defaultConfigurationName = Release;
		};
		83396D4E29155936003EF727 /* Build configuration list for PBXNativeTarget "feedback2go" */ = {
			isa = XCConfigurationList;
			buildConfigurations = (
				83396D4F29155936003EF727 /* Debug */,
				83396D5029155936003EF727 /* Release */,
			);
			defaultConfigurationIsVisible = 0;
			defaultConfigurationName = Release;
		};
		83396D5129155936003EF727 /* Build configuration list for PBXNativeTarget "feedback2goTests" */ = {
			isa = XCConfigurationList;
			buildConfigurations = (
				83396D5229155936003EF727 /* Debug */,
				83396D5329155936003EF727 /* Release */,
			);
			defaultConfigurationIsVisible = 0;
			defaultConfigurationName = Release;
		};
		83396D5429155936003EF727 /* Build configuration list for PBXNativeTarget "feedback2goUITests" */ = {
			isa = XCConfigurationList;
			buildConfigurations = (
				83396D5529155936003EF727 /* Debug */,
				83396D5629155936003EF727 /* Release */,
			);
			defaultConfigurationIsVisible = 0;
			defaultConfigurationName = Release;
		};
/* End XCConfigurationList section */
	};
	rootObject = 83396D2229155934003EF727 /* Project object */;
}
